// !$*UTF8*$!
{
	archiveVersion = 1;
	classes = {
	};
	objectVersion = 50;
	objects = {

/* Begin PBXBuildFile section */
		5A0DCCCE208038F6000FCAAC /* PORActivityCellDemoViewController.m in Sources */ = {isa = PBXBuildFile; fileRef = 5A0DCCCD208038F6000FCAAC /* PORActivityCellDemoViewController.m */; };
		5A0DCCD220803AFF000FCAAC /* PORActivityCellView.m in Sources */ = {isa = PBXBuildFile; fileRef = 5A0DCCD120803AFF000FCAAC /* PORActivityCellView.m */; };
		5A0DCCD420803BC1000FCAAC /* PORActivityCellView.xib in Resources */ = {isa = PBXBuildFile; fileRef = 5A0DCCD320803BC1000FCAAC /* PORActivityCellView.xib */; };
		5A0DCCD8208048A9000FCAAC /* PORLabeledIconView.m in Sources */ = {isa = PBXBuildFile; fileRef = 5A0DCCD7208048A9000FCAAC /* PORLabeledIconView.m */; };
		5A0DCCDA208048B8000FCAAC /* PORLabeledIconView.xib in Resources */ = {isa = PBXBuildFile; fileRef = 5A0DCCD9208048B8000FCAAC /* PORLabeledIconView.xib */; };
		5A1556DF208A38E700716481 /* PORShowUserController.m in Sources */ = {isa = PBXBuildFile; fileRef = 5A1556DE208A38E700716481 /* PORShowUserController.m */; };
		5A200B3120978C4B008AB019 /* PORRecord.m in Sources */ = {isa = PBXBuildFile; fileRef = 5A200B3020978C4B008AB019 /* PORRecord.m */; };
		5A200B3420978EFF008AB019 /* PORRecordBook.m in Sources */ = {isa = PBXBuildFile; fileRef = 5A200B3320978EFF008AB019 /* PORRecordBook.m */; };
		5A200B3920979259008AB019 /* PORPuffin.m in Sources */ = {isa = PBXBuildFile; fileRef = 5A200B3820979259008AB019 /* PORPuffin.m */; };
		5A200B3C2097926A008AB019 /* PORPuffins.m in Sources */ = {isa = PBXBuildFile; fileRef = 5A200B3B2097926A008AB019 /* PORPuffins.m */; };
		5A200B442097939F008AB019 /* PORActionButtonDemoViewController.m in Sources */ = {isa = PBXBuildFile; fileRef = 5A200B422097939F008AB019 /* PORActionButtonDemoViewController.m */; };
		5A200B4A209914A0008AB019 /* PORItineraryFeedRecordBook.m in Sources */ = {isa = PBXBuildFile; fileRef = 5A200B49209914A0008AB019 /* PORItineraryFeedRecordBook.m */; };
		5A200B4D209914E2008AB019 /* PORItineraryRecordBook.m in Sources */ = {isa = PBXBuildFile; fileRef = 5A200B4C209914E2008AB019 /* PORItineraryRecordBook.m */; };
		5A200B5020991590008AB019 /* PORItineraryPinnedRecordBook.m in Sources */ = {isa = PBXBuildFile; fileRef = 5A200B4F20991590008AB019 /* PORItineraryPinnedRecordBook.m */; };
		5A200B5320991A9D008AB019 /* PORIndexItinerariesFeedController.m in Sources */ = {isa = PBXBuildFile; fileRef = 5A200B5220991A9D008AB019 /* PORIndexItinerariesFeedController.m */; };
		5A200B5720991C0B008AB019 /* PORIndexItinerariesPinnedController.m in Sources */ = {isa = PBXBuildFile; fileRef = 5A200B5620991C0B008AB019 /* PORIndexItinerariesPinnedController.m */; };
		5A445F0E20729AAE009497B0 /* AppDelegate.m in Sources */ = {isa = PBXBuildFile; fileRef = 5A445F0D20729AAE009497B0 /* AppDelegate.m */; };
		5A445F1420729AAE009497B0 /* Main.storyboard in Resources */ = {isa = PBXBuildFile; fileRef = 5A445F1220729AAE009497B0 /* Main.storyboard */; };
		5A445F1620729AAF009497B0 /* Assets.xcassets in Resources */ = {isa = PBXBuildFile; fileRef = 5A445F1520729AAF009497B0 /* Assets.xcassets */; };
		5A445F1920729AAF009497B0 /* LaunchScreen.storyboard in Resources */ = {isa = PBXBuildFile; fileRef = 5A445F1720729AAF009497B0 /* LaunchScreen.storyboard */; };
		5A445F1C20729AAF009497B0 /* main.m in Sources */ = {isa = PBXBuildFile; fileRef = 5A445F1B20729AAF009497B0 /* main.m */; };
		5A445F292072B790009497B0 /* Demo.storyboard in Resources */ = {isa = PBXBuildFile; fileRef = 5A445F272072B790009497B0 /* Demo.storyboard */; };
		5A4ABF372072C36400349DBB /* PORDemosViewController.m in Sources */ = {isa = PBXBuildFile; fileRef = 5A4ABF362072C36400349DBB /* PORDemosViewController.m */; };
		5A4F8B1220911C48006AE5E3 /* UIColor+Hex.m in Sources */ = {isa = PBXBuildFile; fileRef = 5A4F8B0920911C48006AE5E3 /* UIColor+Hex.m */; };
		5A4F8B1320911C48006AE5E3 /* PORTypeLibrary.m in Sources */ = {isa = PBXBuildFile; fileRef = 5A4F8B0C20911C48006AE5E3 /* PORTypeLibrary.m */; };
		5A4F8B1520911C48006AE5E3 /* PORPalette.m in Sources */ = {isa = PBXBuildFile; fileRef = 5A4F8B0F20911C48006AE5E3 /* PORPalette.m */; };
		5A4F8B1D20912897006AE5E3 /* PORRecordBookDemoViewController.m in Sources */ = {isa = PBXBuildFile; fileRef = 5A4F8B1C20912897006AE5E3 /* PORRecordBookDemoViewController.m */; };
		5A54E723208139EE00C32356 /* PORActivity+Mocks.m in Sources */ = {isa = PBXBuildFile; fileRef = 5A54E722208139EE00C32356 /* PORActivity+Mocks.m */; };
		5A5676EB207E8710002656F8 /* PORItinerarySummaryView.m in Sources */ = {isa = PBXBuildFile; fileRef = 5A5676EA207E8710002656F8 /* PORItinerarySummaryView.m */; };
		5A5676F3207E87B8002656F8 /* PORItinerarySummaryView.xib in Resources */ = {isa = PBXBuildFile; fileRef = 5A5676F2207E87B8002656F8 /* PORItinerarySummaryView.xib */; };
		5A567700207EB46E002656F8 /* PORItinerarySummaryCellView.m in Sources */ = {isa = PBXBuildFile; fileRef = 5A5676FE207EB46E002656F8 /* PORItinerarySummaryCellView.m */; };
		5A5933012087D106003A1751 /* PORItineraryHeaderCellView.m in Sources */ = {isa = PBXBuildFile; fileRef = 5A5932FF2087D106003A1751 /* PORItineraryHeaderCellView.m */; };
		5A5933022087D106003A1751 /* PORItineraryHeaderCellView.xib in Resources */ = {isa = PBXBuildFile; fileRef = 5A5933002087D106003A1751 /* PORItineraryHeaderCellView.xib */; };
		5A5933062087D17F003A1751 /* PORItineraryHeaderCellDemoViewController.m in Sources */ = {isa = PBXBuildFile; fileRef = 5A5933052087D17F003A1751 /* PORItineraryHeaderCellDemoViewController.m */; };
		5A69998E209A3FE5001B909B /* PORLibrary.m in Sources */ = {isa = PBXBuildFile; fileRef = 5A69998D209A3FE5001B909B /* PORLibrary.m */; };
		5A699991209A4B64001B909B /* PORShowItineraryPinnedController.m in Sources */ = {isa = PBXBuildFile; fileRef = 5A699990209A4B64001B909B /* PORShowItineraryPinnedController.m */; };
		5A7B6B82207FB1A600C99AA0 /* PORItinerarySummaryDemoViewController.m in Sources */ = {isa = PBXBuildFile; fileRef = 5A7B6B81207FB1A600C99AA0 /* PORItinerarySummaryDemoViewController.m */; };
		5A7B6B86207FD67700C99AA0 /* PORLocation.m in Sources */ = {isa = PBXBuildFile; fileRef = 5A7B6B85207FD67700C99AA0 /* PORLocation.m */; };
		5A7B6B89207FD77200C99AA0 /* PORItinerary.m in Sources */ = {isa = PBXBuildFile; fileRef = 5A7B6B88207FD77200C99AA0 /* PORItinerary.m */; };
		5A7B6B8C207FD88E00C99AA0 /* PORBadge.m in Sources */ = {isa = PBXBuildFile; fileRef = 5A7B6B8B207FD88E00C99AA0 /* PORBadge.m */; };
		5A7B6B96207FEF6A00C99AA0 /* PORItinerary+Mocks.m in Sources */ = {isa = PBXBuildFile; fileRef = 5A7B6B95207FEF6A00C99AA0 /* PORItinerary+Mocks.m */; };
		5A7B6B9C207FF67E00C99AA0 /* PORBadge+Mocks.m in Sources */ = {isa = PBXBuildFile; fileRef = 5A7B6B9B207FF67E00C99AA0 /* PORBadge+Mocks.m */; };
		5A7B6B9F207FF6E700C99AA0 /* NSString+Random.m in Sources */ = {isa = PBXBuildFile; fileRef = 5A7B6B9E207FF6E700C99AA0 /* NSString+Random.m */; };
		5A7B6BA3207FF9C100C99AA0 /* NSNumber+Random.m in Sources */ = {isa = PBXBuildFile; fileRef = 5A7B6BA2207FF9C100C99AA0 /* NSNumber+Random.m */; };
		5A7D9A312077FCA300EF6D73 /* DemoAssets.xcassets in Resources */ = {isa = PBXBuildFile; fileRef = 5A7D9A302077FCA300EF6D73 /* DemoAssets.xcassets */; };
		5A7D9A342077FFE300EF6D73 /* PORImageCardView.xib in Resources */ = {isa = PBXBuildFile; fileRef = 5A7D9A332077FFE300EF6D73 /* PORImageCardView.xib */; };
		5A7D9A372077FFF800EF6D73 /* PORImageCardView.m in Sources */ = {isa = PBXBuildFile; fileRef = 5A7D9A362077FFF800EF6D73 /* PORImageCardView.m */; };
		5A9333BF207D690B003F7217 /* PORActivity.m in Sources */ = {isa = PBXBuildFile; fileRef = 5A9333BE207D690B003F7217 /* PORActivity.m */; };
		5AA9491A2075589B00060FE8 /* PORTabBarController.m in Sources */ = {isa = PBXBuildFile; fileRef = 5AA949182075589B00060FE8 /* PORTabBarController.m */; };
		5AA9491E20755A6000060FE8 /* PORTabBarView.m in Sources */ = {isa = PBXBuildFile; fileRef = 5AA9491D20755A6000060FE8 /* PORTabBarView.m */; };
		5AA9492020755A6D00060FE8 /* PORTabBarView.xib in Resources */ = {isa = PBXBuildFile; fileRef = 5AA9491F20755A6D00060FE8 /* PORTabBarView.xib */; };
		5AB7EAF92087F7D10087B7DB /* PORImageCarouselView.m in Sources */ = {isa = PBXBuildFile; fileRef = 5AB7EAF82087F7D10087B7DB /* PORImageCarouselView.m */; };
		5AB7EAFB2087F82C0087B7DB /* PORImageCarouselView.xib in Resources */ = {isa = PBXBuildFile; fileRef = 5AB7EAFA2087F82C0087B7DB /* PORImageCarouselView.xib */; };
		5AC2A8FC207BEB65003B2AD5 /* PORImageCarouselDemoViewController.m in Sources */ = {isa = PBXBuildFile; fileRef = 5AC2A8FB207BEB65003B2AD5 /* PORImageCarouselDemoViewController.m */; };
		5AD02B0C207D3FB800E48C9B /* PORFloatingActionButtonView.m in Sources */ = {isa = PBXBuildFile; fileRef = 5AD02B09207D3FB800E48C9B /* PORFloatingActionButtonView.m */; };
		5AF738CB2073D7CB00B8E75C /* PORPaletteDemoViewController.m in Sources */ = {isa = PBXBuildFile; fileRef = 5AF738CA2073D7CB00B8E75C /* PORPaletteDemoViewController.m */; };
		5AF738D32073FD6700B8E75C /* PORTypeLibraryDemoViewController.m in Sources */ = {isa = PBXBuildFile; fileRef = 5AF738D22073FD6700B8E75C /* PORTypeLibraryDemoViewController.m */; };
		5AF738D9207408EC00B8E75C /* PORActionButtonView.xib in Resources */ = {isa = PBXBuildFile; fileRef = 5AF738D8207408EC00B8E75C /* PORActionButtonView.xib */; };
		5AF738DC207408F600B8E75C /* PORActionButtonView.m in Sources */ = {isa = PBXBuildFile; fileRef = 5AF738DB207408F600B8E75C /* PORActionButtonView.m */; };
		5AFD5CA820890C6C009D2908 /* PORNavigationController.m in Sources */ = {isa = PBXBuildFile; fileRef = 5AFD5CA720890C6C009D2908 /* PORNavigationController.m */; };
		5AFD5CBA20893432009D2908 /* PORIndexItinerariesController.m in Sources */ = {isa = PBXBuildFile; fileRef = 5AFD5CB920893432009D2908 /* PORIndexItinerariesController.m */; };
		5AFD5CBE20893D9B009D2908 /* PORShowItineraryController.m in Sources */ = {isa = PBXBuildFile; fileRef = 5AFD5CBD20893D9B009D2908 /* PORShowItineraryController.m */; };
/* End PBXBuildFile section */

/* Begin PBXFileReference section */
		5A0DCCCC208038F6000FCAAC /* PORActivityCellDemoViewController.h */ = {isa = PBXFileReference; lastKnownFileType = sourcecode.c.h; path = PORActivityCellDemoViewController.h; sourceTree = "<group>"; };
		5A0DCCCD208038F6000FCAAC /* PORActivityCellDemoViewController.m */ = {isa = PBXFileReference; lastKnownFileType = sourcecode.c.objc; path = PORActivityCellDemoViewController.m; sourceTree = "<group>"; };
		5A0DCCD020803AFF000FCAAC /* PORActivityCellView.h */ = {isa = PBXFileReference; lastKnownFileType = sourcecode.c.h; path = PORActivityCellView.h; sourceTree = "<group>"; };
		5A0DCCD120803AFF000FCAAC /* PORActivityCellView.m */ = {isa = PBXFileReference; lastKnownFileType = sourcecode.c.objc; path = PORActivityCellView.m; sourceTree = "<group>"; };
		5A0DCCD320803BC1000FCAAC /* PORActivityCellView.xib */ = {isa = PBXFileReference; lastKnownFileType = file.xib; path = PORActivityCellView.xib; sourceTree = "<group>"; };
		5A0DCCD6208048A9000FCAAC /* PORLabeledIconView.h */ = {isa = PBXFileReference; lastKnownFileType = sourcecode.c.h; path = PORLabeledIconView.h; sourceTree = "<group>"; };
		5A0DCCD7208048A9000FCAAC /* PORLabeledIconView.m */ = {isa = PBXFileReference; lastKnownFileType = sourcecode.c.objc; path = PORLabeledIconView.m; sourceTree = "<group>"; };
		5A0DCCD9208048B8000FCAAC /* PORLabeledIconView.xib */ = {isa = PBXFileReference; lastKnownFileType = file.xib; path = PORLabeledIconView.xib; sourceTree = "<group>"; };
		5A1556DD208A38E700716481 /* PORShowUserController.h */ = {isa = PBXFileReference; lastKnownFileType = sourcecode.c.h; path = PORShowUserController.h; sourceTree = "<group>"; };
		5A1556DE208A38E700716481 /* PORShowUserController.m */ = {isa = PBXFileReference; lastKnownFileType = sourcecode.c.objc; path = PORShowUserController.m; sourceTree = "<group>"; };
		5A200B2F20978C4B008AB019 /* PORRecord.h */ = {isa = PBXFileReference; lastKnownFileType = sourcecode.c.h; path = PORRecord.h; sourceTree = "<group>"; };
		5A200B3020978C4B008AB019 /* PORRecord.m */ = {isa = PBXFileReference; lastKnownFileType = sourcecode.c.objc; path = PORRecord.m; sourceTree = "<group>"; };
		5A200B3220978EFF008AB019 /* PORRecordBook.h */ = {isa = PBXFileReference; lastKnownFileType = sourcecode.c.h; path = PORRecordBook.h; sourceTree = "<group>"; };
		5A200B3320978EFF008AB019 /* PORRecordBook.m */ = {isa = PBXFileReference; lastKnownFileType = sourcecode.c.objc; path = PORRecordBook.m; sourceTree = "<group>"; };
		5A200B3720979259008AB019 /* PORPuffin.h */ = {isa = PBXFileReference; lastKnownFileType = sourcecode.c.h; path = PORPuffin.h; sourceTree = "<group>"; };
		5A200B3820979259008AB019 /* PORPuffin.m */ = {isa = PBXFileReference; lastKnownFileType = sourcecode.c.objc; path = PORPuffin.m; sourceTree = "<group>"; };
		5A200B3A2097926A008AB019 /* PORPuffins.h */ = {isa = PBXFileReference; lastKnownFileType = sourcecode.c.h; path = PORPuffins.h; sourceTree = "<group>"; };
		5A200B3B2097926A008AB019 /* PORPuffins.m */ = {isa = PBXFileReference; lastKnownFileType = sourcecode.c.objc; path = PORPuffins.m; sourceTree = "<group>"; };
		5A200B422097939F008AB019 /* PORActionButtonDemoViewController.m */ = {isa = PBXFileReference; fileEncoding = 4; lastKnownFileType = sourcecode.c.objc; path = PORActionButtonDemoViewController.m; sourceTree = "<group>"; };
		5A200B432097939F008AB019 /* PORActionButtonDemoViewController.h */ = {isa = PBXFileReference; fileEncoding = 4; lastKnownFileType = sourcecode.c.h; path = PORActionButtonDemoViewController.h; sourceTree = "<group>"; };
		5A200B48209914A0008AB019 /* PORItineraryFeedRecordBook.h */ = {isa = PBXFileReference; lastKnownFileType = sourcecode.c.h; path = PORItineraryFeedRecordBook.h; sourceTree = "<group>"; };
		5A200B49209914A0008AB019 /* PORItineraryFeedRecordBook.m */ = {isa = PBXFileReference; lastKnownFileType = sourcecode.c.objc; path = PORItineraryFeedRecordBook.m; sourceTree = "<group>"; };
		5A200B4B209914E2008AB019 /* PORItineraryRecordBook.h */ = {isa = PBXFileReference; lastKnownFileType = sourcecode.c.h; path = PORItineraryRecordBook.h; sourceTree = "<group>"; };
		5A200B4C209914E2008AB019 /* PORItineraryRecordBook.m */ = {isa = PBXFileReference; lastKnownFileType = sourcecode.c.objc; path = PORItineraryRecordBook.m; sourceTree = "<group>"; };
		5A200B4E20991590008AB019 /* PORItineraryPinnedRecordBook.h */ = {isa = PBXFileReference; lastKnownFileType = sourcecode.c.h; path = PORItineraryPinnedRecordBook.h; sourceTree = "<group>"; };
		5A200B4F20991590008AB019 /* PORItineraryPinnedRecordBook.m */ = {isa = PBXFileReference; lastKnownFileType = sourcecode.c.objc; path = PORItineraryPinnedRecordBook.m; sourceTree = "<group>"; };
		5A200B5120991A9D008AB019 /* PORIndexItinerariesFeedController.h */ = {isa = PBXFileReference; lastKnownFileType = sourcecode.c.h; path = PORIndexItinerariesFeedController.h; sourceTree = "<group>"; };
		5A200B5220991A9D008AB019 /* PORIndexItinerariesFeedController.m */ = {isa = PBXFileReference; lastKnownFileType = sourcecode.c.objc; path = PORIndexItinerariesFeedController.m; sourceTree = "<group>"; };
		5A200B5520991C0B008AB019 /* PORIndexItinerariesPinnedController.h */ = {isa = PBXFileReference; lastKnownFileType = sourcecode.c.h; path = PORIndexItinerariesPinnedController.h; sourceTree = "<group>"; };
		5A200B5620991C0B008AB019 /* PORIndexItinerariesPinnedController.m */ = {isa = PBXFileReference; lastKnownFileType = sourcecode.c.objc; path = PORIndexItinerariesPinnedController.m; sourceTree = "<group>"; };
		5A445F0920729AAE009497B0 /* Portland Rose.app */ = {isa = PBXFileReference; explicitFileType = wrapper.application; includeInIndex = 0; path = "Portland Rose.app"; sourceTree = BUILT_PRODUCTS_DIR; };
		5A445F0C20729AAE009497B0 /* AppDelegate.h */ = {isa = PBXFileReference; lastKnownFileType = sourcecode.c.h; path = AppDelegate.h; sourceTree = "<group>"; };
		5A445F0D20729AAE009497B0 /* AppDelegate.m */ = {isa = PBXFileReference; lastKnownFileType = sourcecode.c.objc; path = AppDelegate.m; sourceTree = "<group>"; };
		5A445F1320729AAE009497B0 /* Base */ = {isa = PBXFileReference; lastKnownFileType = file.storyboard; name = Base; path = Base.lproj/Main.storyboard; sourceTree = "<group>"; };
		5A445F1520729AAF009497B0 /* Assets.xcassets */ = {isa = PBXFileReference; lastKnownFileType = folder.assetcatalog; path = Assets.xcassets; sourceTree = "<group>"; };
		5A445F1820729AAF009497B0 /* Base */ = {isa = PBXFileReference; lastKnownFileType = file.storyboard; name = Base; path = Base.lproj/LaunchScreen.storyboard; sourceTree = "<group>"; };
		5A445F1A20729AAF009497B0 /* Info.plist */ = {isa = PBXFileReference; lastKnownFileType = text.plist.xml; path = Info.plist; sourceTree = "<group>"; };
		5A445F1B20729AAF009497B0 /* main.m */ = {isa = PBXFileReference; lastKnownFileType = sourcecode.c.objc; path = main.m; sourceTree = "<group>"; };
		5A445F282072B790009497B0 /* Base */ = {isa = PBXFileReference; lastKnownFileType = file.storyboard; name = Base; path = Base.lproj/Demo.storyboard; sourceTree = "<group>"; };
		5A4ABF352072C36400349DBB /* PORDemosViewController.h */ = {isa = PBXFileReference; lastKnownFileType = sourcecode.c.h; name = PORDemosViewController.h; path = "Portland Rose/Demo/Demo Controllers/PORDemosViewController.h"; sourceTree = SOURCE_ROOT; };
		5A4ABF362072C36400349DBB /* PORDemosViewController.m */ = {isa = PBXFileReference; lastKnownFileType = sourcecode.c.objc; name = PORDemosViewController.m; path = "Portland Rose/Demo/Demo Controllers/PORDemosViewController.m"; sourceTree = SOURCE_ROOT; };
		5A4F8B0920911C48006AE5E3 /* UIColor+Hex.m */ = {isa = PBXFileReference; fileEncoding = 4; lastKnownFileType = sourcecode.c.objc; path = "UIColor+Hex.m"; sourceTree = "<group>"; };
		5A4F8B0A20911C48006AE5E3 /* PORPalette.h */ = {isa = PBXFileReference; fileEncoding = 4; lastKnownFileType = sourcecode.c.h; path = PORPalette.h; sourceTree = "<group>"; };
		5A4F8B0C20911C48006AE5E3 /* PORTypeLibrary.m */ = {isa = PBXFileReference; fileEncoding = 4; lastKnownFileType = sourcecode.c.objc; path = PORTypeLibrary.m; sourceTree = "<group>"; };
		5A4F8B0E20911C48006AE5E3 /* UIColor+Hex.h */ = {isa = PBXFileReference; fileEncoding = 4; lastKnownFileType = sourcecode.c.h; path = "UIColor+Hex.h"; sourceTree = "<group>"; };
		5A4F8B0F20911C48006AE5E3 /* PORPalette.m */ = {isa = PBXFileReference; fileEncoding = 4; lastKnownFileType = sourcecode.c.objc; path = PORPalette.m; sourceTree = "<group>"; };
		5A4F8B1720911D16006AE5E3 /* PORTypeLibrary.h */ = {isa = PBXFileReference; fileEncoding = 4; lastKnownFileType = sourcecode.c.h; path = PORTypeLibrary.h; sourceTree = "<group>"; };
		5A4F8B1B20912897006AE5E3 /* PORRecordBookDemoViewController.h */ = {isa = PBXFileReference; lastKnownFileType = sourcecode.c.h; path = PORRecordBookDemoViewController.h; sourceTree = "<group>"; };
		5A4F8B1C20912897006AE5E3 /* PORRecordBookDemoViewController.m */ = {isa = PBXFileReference; lastKnownFileType = sourcecode.c.objc; path = PORRecordBookDemoViewController.m; sourceTree = "<group>"; };
		5A54E721208139EE00C32356 /* PORActivity+Mocks.h */ = {isa = PBXFileReference; lastKnownFileType = sourcecode.c.h; path = "PORActivity+Mocks.h"; sourceTree = "<group>"; };
		5A54E722208139EE00C32356 /* PORActivity+Mocks.m */ = {isa = PBXFileReference; lastKnownFileType = sourcecode.c.objc; path = "PORActivity+Mocks.m"; sourceTree = "<group>"; };
		5A5676E9207E8710002656F8 /* PORItinerarySummaryView.h */ = {isa = PBXFileReference; lastKnownFileType = sourcecode.c.h; path = PORItinerarySummaryView.h; sourceTree = "<group>"; };
		5A5676EA207E8710002656F8 /* PORItinerarySummaryView.m */ = {isa = PBXFileReference; lastKnownFileType = sourcecode.c.objc; path = PORItinerarySummaryView.m; sourceTree = "<group>"; };
		5A5676F2207E87B8002656F8 /* PORItinerarySummaryView.xib */ = {isa = PBXFileReference; lastKnownFileType = file.xib; path = PORItinerarySummaryView.xib; sourceTree = "<group>"; };
		5A5676FE207EB46E002656F8 /* PORItinerarySummaryCellView.m */ = {isa = PBXFileReference; fileEncoding = 4; lastKnownFileType = sourcecode.c.objc; path = PORItinerarySummaryCellView.m; sourceTree = "<group>"; };
		5A5676FF207EB46E002656F8 /* PORItinerarySummaryCellView.h */ = {isa = PBXFileReference; fileEncoding = 4; lastKnownFileType = sourcecode.c.h; path = PORItinerarySummaryCellView.h; sourceTree = "<group>"; };
		5A5932FE2087D106003A1751 /* PORItineraryHeaderCellView.h */ = {isa = PBXFileReference; lastKnownFileType = sourcecode.c.h; path = PORItineraryHeaderCellView.h; sourceTree = "<group>"; };
		5A5932FF2087D106003A1751 /* PORItineraryHeaderCellView.m */ = {isa = PBXFileReference; lastKnownFileType = sourcecode.c.objc; path = PORItineraryHeaderCellView.m; sourceTree = "<group>"; };
		5A5933002087D106003A1751 /* PORItineraryHeaderCellView.xib */ = {isa = PBXFileReference; lastKnownFileType = file.xib; path = PORItineraryHeaderCellView.xib; sourceTree = "<group>"; };
		5A5933042087D17F003A1751 /* PORItineraryHeaderCellDemoViewController.h */ = {isa = PBXFileReference; lastKnownFileType = sourcecode.c.h; path = PORItineraryHeaderCellDemoViewController.h; sourceTree = "<group>"; };
		5A5933052087D17F003A1751 /* PORItineraryHeaderCellDemoViewController.m */ = {isa = PBXFileReference; lastKnownFileType = sourcecode.c.objc; path = PORItineraryHeaderCellDemoViewController.m; sourceTree = "<group>"; };
		5A69998C209A3FE5001B909B /* PORLibrary.h */ = {isa = PBXFileReference; lastKnownFileType = sourcecode.c.h; path = PORLibrary.h; sourceTree = "<group>"; };
		5A69998D209A3FE5001B909B /* PORLibrary.m */ = {isa = PBXFileReference; lastKnownFileType = sourcecode.c.objc; path = PORLibrary.m; sourceTree = "<group>"; };
		5A69998F209A4B64001B909B /* PORShowItineraryPinnedController.h */ = {isa = PBXFileReference; lastKnownFileType = sourcecode.c.h; path = PORShowItineraryPinnedController.h; sourceTree = "<group>"; };
		5A699990209A4B64001B909B /* PORShowItineraryPinnedController.m */ = {isa = PBXFileReference; lastKnownFileType = sourcecode.c.objc; path = PORShowItineraryPinnedController.m; sourceTree = "<group>"; };
		5A7B6B80207FB1A600C99AA0 /* PORItinerarySummaryDemoViewController.h */ = {isa = PBXFileReference; lastKnownFileType = sourcecode.c.h; path = PORItinerarySummaryDemoViewController.h; sourceTree = "<group>"; };
		5A7B6B81207FB1A600C99AA0 /* PORItinerarySummaryDemoViewController.m */ = {isa = PBXFileReference; lastKnownFileType = sourcecode.c.objc; path = PORItinerarySummaryDemoViewController.m; sourceTree = "<group>"; };
		5A7B6B84207FD67700C99AA0 /* PORLocation.h */ = {isa = PBXFileReference; lastKnownFileType = sourcecode.c.h; path = PORLocation.h; sourceTree = "<group>"; };
		5A7B6B85207FD67700C99AA0 /* PORLocation.m */ = {isa = PBXFileReference; lastKnownFileType = sourcecode.c.objc; path = PORLocation.m; sourceTree = "<group>"; };
		5A7B6B87207FD77200C99AA0 /* PORItinerary.h */ = {isa = PBXFileReference; lastKnownFileType = sourcecode.c.h; path = PORItinerary.h; sourceTree = "<group>"; };
		5A7B6B88207FD77200C99AA0 /* PORItinerary.m */ = {isa = PBXFileReference; lastKnownFileType = sourcecode.c.objc; path = PORItinerary.m; sourceTree = "<group>"; };
		5A7B6B8A207FD88E00C99AA0 /* PORBadge.h */ = {isa = PBXFileReference; lastKnownFileType = sourcecode.c.h; path = PORBadge.h; sourceTree = "<group>"; };
		5A7B6B8B207FD88E00C99AA0 /* PORBadge.m */ = {isa = PBXFileReference; lastKnownFileType = sourcecode.c.objc; path = PORBadge.m; sourceTree = "<group>"; };
		5A7B6B94207FEF6A00C99AA0 /* PORItinerary+Mocks.h */ = {isa = PBXFileReference; lastKnownFileType = sourcecode.c.h; path = "PORItinerary+Mocks.h"; sourceTree = "<group>"; };
		5A7B6B95207FEF6A00C99AA0 /* PORItinerary+Mocks.m */ = {isa = PBXFileReference; lastKnownFileType = sourcecode.c.objc; path = "PORItinerary+Mocks.m"; sourceTree = "<group>"; };
		5A7B6B9A207FF67E00C99AA0 /* PORBadge+Mocks.h */ = {isa = PBXFileReference; lastKnownFileType = sourcecode.c.h; path = "PORBadge+Mocks.h"; sourceTree = "<group>"; };
		5A7B6B9B207FF67E00C99AA0 /* PORBadge+Mocks.m */ = {isa = PBXFileReference; lastKnownFileType = sourcecode.c.objc; path = "PORBadge+Mocks.m"; sourceTree = "<group>"; };
		5A7B6B9D207FF6E700C99AA0 /* NSString+Random.h */ = {isa = PBXFileReference; lastKnownFileType = sourcecode.c.h; path = "NSString+Random.h"; sourceTree = "<group>"; };
		5A7B6B9E207FF6E700C99AA0 /* NSString+Random.m */ = {isa = PBXFileReference; lastKnownFileType = sourcecode.c.objc; path = "NSString+Random.m"; sourceTree = "<group>"; };
		5A7B6BA1207FF9C100C99AA0 /* NSNumber+Random.h */ = {isa = PBXFileReference; lastKnownFileType = sourcecode.c.h; path = "NSNumber+Random.h"; sourceTree = "<group>"; };
		5A7B6BA2207FF9C100C99AA0 /* NSNumber+Random.m */ = {isa = PBXFileReference; lastKnownFileType = sourcecode.c.objc; path = "NSNumber+Random.m"; sourceTree = "<group>"; };
		5A7D9A302077FCA300EF6D73 /* DemoAssets.xcassets */ = {isa = PBXFileReference; lastKnownFileType = folder.assetcatalog; path = DemoAssets.xcassets; sourceTree = "<group>"; };
		5A7D9A332077FFE300EF6D73 /* PORImageCardView.xib */ = {isa = PBXFileReference; lastKnownFileType = file.xib; path = PORImageCardView.xib; sourceTree = "<group>"; };
		5A7D9A352077FFF800EF6D73 /* PORImageCardView.h */ = {isa = PBXFileReference; lastKnownFileType = sourcecode.c.h; path = PORImageCardView.h; sourceTree = "<group>"; };
		5A7D9A362077FFF800EF6D73 /* PORImageCardView.m */ = {isa = PBXFileReference; lastKnownFileType = sourcecode.c.objc; path = PORImageCardView.m; sourceTree = "<group>"; };
		5A9333BD207D690B003F7217 /* PORActivity.h */ = {isa = PBXFileReference; lastKnownFileType = sourcecode.c.h; path = PORActivity.h; sourceTree = "<group>"; };
		5A9333BE207D690B003F7217 /* PORActivity.m */ = {isa = PBXFileReference; lastKnownFileType = sourcecode.c.objc; path = PORActivity.m; sourceTree = "<group>"; };
		5AA949172075589B00060FE8 /* PORTabBarController.h */ = {isa = PBXFileReference; lastKnownFileType = sourcecode.c.h; path = PORTabBarController.h; sourceTree = "<group>"; };
		5AA949182075589B00060FE8 /* PORTabBarController.m */ = {isa = PBXFileReference; lastKnownFileType = sourcecode.c.objc; path = PORTabBarController.m; sourceTree = "<group>"; };
		5AA9491C20755A6000060FE8 /* PORTabBarView.h */ = {isa = PBXFileReference; lastKnownFileType = sourcecode.c.h; path = PORTabBarView.h; sourceTree = "<group>"; };
		5AA9491D20755A6000060FE8 /* PORTabBarView.m */ = {isa = PBXFileReference; lastKnownFileType = sourcecode.c.objc; path = PORTabBarView.m; sourceTree = "<group>"; };
		5AA9491F20755A6D00060FE8 /* PORTabBarView.xib */ = {isa = PBXFileReference; lastKnownFileType = file.xib; path = PORTabBarView.xib; sourceTree = "<group>"; };
		5AB7EAF72087F7D10087B7DB /* PORImageCarouselView.h */ = {isa = PBXFileReference; lastKnownFileType = sourcecode.c.h; path = PORImageCarouselView.h; sourceTree = "<group>"; };
		5AB7EAF82087F7D10087B7DB /* PORImageCarouselView.m */ = {isa = PBXFileReference; lastKnownFileType = sourcecode.c.objc; path = PORImageCarouselView.m; sourceTree = "<group>"; };
		5AB7EAFA2087F82C0087B7DB /* PORImageCarouselView.xib */ = {isa = PBXFileReference; lastKnownFileType = file.xib; path = PORImageCarouselView.xib; sourceTree = "<group>"; };
		5AC2A8FA207BEB65003B2AD5 /* PORImageCarouselDemoViewController.h */ = {isa = PBXFileReference; lastKnownFileType = sourcecode.c.h; path = PORImageCarouselDemoViewController.h; sourceTree = "<group>"; };
		5AC2A8FB207BEB65003B2AD5 /* PORImageCarouselDemoViewController.m */ = {isa = PBXFileReference; lastKnownFileType = sourcecode.c.objc; path = PORImageCarouselDemoViewController.m; sourceTree = "<group>"; };
		5AD02B09207D3FB800E48C9B /* PORFloatingActionButtonView.m */ = {isa = PBXFileReference; fileEncoding = 4; lastKnownFileType = sourcecode.c.objc; path = PORFloatingActionButtonView.m; sourceTree = "<group>"; };
		5AD02B0B207D3FB800E48C9B /* PORFloatingActionButtonView.h */ = {isa = PBXFileReference; fileEncoding = 4; lastKnownFileType = sourcecode.c.h; path = PORFloatingActionButtonView.h; sourceTree = "<group>"; };
		5AF738C92073D7CB00B8E75C /* PORPaletteDemoViewController.h */ = {isa = PBXFileReference; lastKnownFileType = sourcecode.c.h; path = PORPaletteDemoViewController.h; sourceTree = "<group>"; };
		5AF738CA2073D7CB00B8E75C /* PORPaletteDemoViewController.m */ = {isa = PBXFileReference; lastKnownFileType = sourcecode.c.objc; path = PORPaletteDemoViewController.m; sourceTree = "<group>"; };
		5AF738D22073FD6700B8E75C /* PORTypeLibraryDemoViewController.m */ = {isa = PBXFileReference; fileEncoding = 4; lastKnownFileType = sourcecode.c.objc; path = PORTypeLibraryDemoViewController.m; sourceTree = "<group>"; };
		5AF738D42073FD6E00B8E75C /* PORTypeLibraryDemoViewController.h */ = {isa = PBXFileReference; fileEncoding = 4; lastKnownFileType = sourcecode.c.h; path = PORTypeLibraryDemoViewController.h; sourceTree = "<group>"; };
		5AF738D8207408EC00B8E75C /* PORActionButtonView.xib */ = {isa = PBXFileReference; lastKnownFileType = file.xib; path = PORActionButtonView.xib; sourceTree = "<group>"; };
		5AF738DA207408F600B8E75C /* PORActionButtonView.h */ = {isa = PBXFileReference; lastKnownFileType = sourcecode.c.h; path = PORActionButtonView.h; sourceTree = "<group>"; };
		5AF738DB207408F600B8E75C /* PORActionButtonView.m */ = {isa = PBXFileReference; lastKnownFileType = sourcecode.c.objc; path = PORActionButtonView.m; sourceTree = "<group>"; };
		5AFD5CA620890C6C009D2908 /* PORNavigationController.h */ = {isa = PBXFileReference; lastKnownFileType = sourcecode.c.h; path = PORNavigationController.h; sourceTree = "<group>"; };
		5AFD5CA720890C6C009D2908 /* PORNavigationController.m */ = {isa = PBXFileReference; lastKnownFileType = sourcecode.c.objc; path = PORNavigationController.m; sourceTree = "<group>"; };
		5AFD5CB820893432009D2908 /* PORIndexItinerariesController.h */ = {isa = PBXFileReference; lastKnownFileType = sourcecode.c.h; path = PORIndexItinerariesController.h; sourceTree = "<group>"; };
		5AFD5CB920893432009D2908 /* PORIndexItinerariesController.m */ = {isa = PBXFileReference; lastKnownFileType = sourcecode.c.objc; path = PORIndexItinerariesController.m; sourceTree = "<group>"; };
		5AFD5CBC20893D9B009D2908 /* PORShowItineraryController.h */ = {isa = PBXFileReference; lastKnownFileType = sourcecode.c.h; path = PORShowItineraryController.h; sourceTree = "<group>"; };
		5AFD5CBD20893D9B009D2908 /* PORShowItineraryController.m */ = {isa = PBXFileReference; lastKnownFileType = sourcecode.c.objc; path = PORShowItineraryController.m; sourceTree = "<group>"; };
/* End PBXFileReference section */

/* Begin PBXFrameworksBuildPhase section */
		5A445F0620729AAE009497B0 /* Frameworks */ = {
			isa = PBXFrameworksBuildPhase;
			buildActionMask = 2147483647;
			files = (
			);
			runOnlyForDeploymentPostprocessing = 0;
		};
/* End PBXFrameworksBuildPhase section */

/* Begin PBXGroup section */
		5A0DCCCB208038D0000FCAAC /* Activity Cell */ = {
			isa = PBXGroup;
			children = (
				5A0DCCCC208038F6000FCAAC /* PORActivityCellDemoViewController.h */,
				5A0DCCCD208038F6000FCAAC /* PORActivityCellDemoViewController.m */,
			);
			path = "Activity Cell";
			sourceTree = "<group>";
		};
		5A0DCCCF208039EB000FCAAC /* Activity Cell */ = {
			isa = PBXGroup;
			children = (
				5A0DCCD020803AFF000FCAAC /* PORActivityCellView.h */,
				5A0DCCD120803AFF000FCAAC /* PORActivityCellView.m */,
				5A0DCCD320803BC1000FCAAC /* PORActivityCellView.xib */,
			);
			path = "Activity Cell";
			sourceTree = "<group>";
		};
		5A0DCCD52080485E000FCAAC /* Labeled Icon */ = {
			isa = PBXGroup;
			children = (
				5A0DCCD6208048A9000FCAAC /* PORLabeledIconView.h */,
				5A0DCCD7208048A9000FCAAC /* PORLabeledIconView.m */,
				5A0DCCD9208048B8000FCAAC /* PORLabeledIconView.xib */,
			);
			path = "Labeled Icon";
			sourceTree = "<group>";
		};
		5A1556DC208A383F00716481 /* Show User */ = {
			isa = PBXGroup;
			children = (
				5A1556DD208A38E700716481 /* PORShowUserController.h */,
				5A1556DE208A38E700716481 /* PORShowUserController.m */,
			);
			path = "Show User";
			sourceTree = "<group>";
		};
		5A200B35209791D7008AB019 /* Demo Controllers */ = {
			isa = PBXGroup;
			children = (
				5A200B3620979201008AB019 /* Model Demos */,
				5AF738E020740F2100B8E75C /* View Demos */,
				5A4ABF352072C36400349DBB /* PORDemosViewController.h */,
				5A4ABF362072C36400349DBB /* PORDemosViewController.m */,
			);
			path = "Demo Controllers";
			sourceTree = "<group>";
		};
		5A200B3620979201008AB019 /* Model Demos */ = {
			isa = PBXGroup;
			children = (
				5A200B462098F6ED008AB019 /* Palette */,
				5A200B452098F6E2008AB019 /* Record Book */,
				5A200B472098F6F6008AB019 /* Type Library */,
			);
			path = "Model Demos";
			sourceTree = "<group>";
		};
		5A200B412097939F008AB019 /* Action Button */ = {
			isa = PBXGroup;
			children = (
				5A200B422097939F008AB019 /* PORActionButtonDemoViewController.m */,
				5A200B432097939F008AB019 /* PORActionButtonDemoViewController.h */,
			);
			path = "Action Button";
			sourceTree = "<group>";
		};
		5A200B452098F6E2008AB019 /* Record Book */ = {
			isa = PBXGroup;
			children = (
				5A4F8B1B20912897006AE5E3 /* PORRecordBookDemoViewController.h */,
				5A4F8B1C20912897006AE5E3 /* PORRecordBookDemoViewController.m */,
			);
			path = "Record Book";
			sourceTree = "<group>";
		};
		5A200B462098F6ED008AB019 /* Palette */ = {
			isa = PBXGroup;
			children = (
				5AF738C92073D7CB00B8E75C /* PORPaletteDemoViewController.h */,
				5AF738CA2073D7CB00B8E75C /* PORPaletteDemoViewController.m */,
			);
			path = Palette;
			sourceTree = "<group>";
		};
		5A200B472098F6F6008AB019 /* Type Library */ = {
			isa = PBXGroup;
			children = (
				5AF738D42073FD6E00B8E75C /* PORTypeLibraryDemoViewController.h */,
				5AF738D22073FD6700B8E75C /* PORTypeLibraryDemoViewController.m */,
			);
			path = "Type Library";
			sourceTree = "<group>";
		};
		5A200B5420991AA1008AB019 /* Index Itineraries Feed */ = {
			isa = PBXGroup;
			children = (
				5A200B5120991A9D008AB019 /* PORIndexItinerariesFeedController.h */,
				5A200B5220991A9D008AB019 /* PORIndexItinerariesFeedController.m */,
			);
			path = "Index Itineraries Feed";
			sourceTree = "<group>";
		};
		5A200B5820991C0F008AB019 /* Index Itineraries Pinned */ = {
			isa = PBXGroup;
			children = (
				5A200B5520991C0B008AB019 /* PORIndexItinerariesPinnedController.h */,
				5A200B5620991C0B008AB019 /* PORIndexItinerariesPinnedController.m */,
			);
			path = "Index Itineraries Pinned";
			sourceTree = "<group>";
		};
		5A3A99FB2076A6FB00191EEF /* Action Button */ = {
			isa = PBXGroup;
			children = (
				5AF738DA207408F600B8E75C /* PORActionButtonView.h */,
				5AF738DB207408F600B8E75C /* PORActionButtonView.m */,
				5AF738D8207408EC00B8E75C /* PORActionButtonView.xib */,
			);
			path = "Action Button";
			sourceTree = "<group>";
		};
		5A3A99FC2076A70900191EEF /* Tab Bar */ = {
			isa = PBXGroup;
			children = (
				5AA9491C20755A6000060FE8 /* PORTabBarView.h */,
				5AA9491D20755A6000060FE8 /* PORTabBarView.m */,
				5AA9491F20755A6D00060FE8 /* PORTabBarView.xib */,
			);
			path = "Tab Bar";
			sourceTree = "<group>";
		};
		5A3A99FD2076A87500191EEF /* Config */ = {
			isa = PBXGroup;
			children = (
				5A445F1A20729AAF009497B0 /* Info.plist */,
			);
			path = Config;
			sourceTree = "<group>";
		};
		5A445F0020729AAD009497B0 = {
			isa = PBXGroup;
			children = (
				5A445F0B20729AAE009497B0 /* Portland Rose */,
				5A445F0A20729AAE009497B0 /* Products */,
			);
			sourceTree = "<group>";
		};
		5A445F0A20729AAE009497B0 /* Products */ = {
			isa = PBXGroup;
			children = (
				5A445F0920729AAE009497B0 /* Portland Rose.app */,
			);
			name = Products;
			sourceTree = "<group>";
		};
		5A445F0B20729AAE009497B0 /* Portland Rose */ = {
			isa = PBXGroup;
			children = (
				5A445F2620729F48009497B0 /* App */,
				5A445F2A2072B7A7009497B0 /* Demo */,
				5A3A99FD2076A87500191EEF /* Config */,
			);
			path = "Portland Rose";
			sourceTree = "<group>";
		};
		5A445F2320729F1E009497B0 /* Controllers */ = {
			isa = PBXGroup;
			children = (
				5AFD5CB7208933CD009D2908 /* Index Itineraries */,
				5A200B5420991AA1008AB019 /* Index Itineraries Feed */,
				5A200B5820991C0F008AB019 /* Index Itineraries Pinned */,
				5AFD5CA520890C4F009D2908 /* Navigation */,
				5AFD5CBB20893D80009D2908 /* Show Itinerary */,
				5A699992209A4B67001B909B /* Show Itinerary Pinned */,
				5A1556DC208A383F00716481 /* Show User */,
				5AFD5CA420890C31009D2908 /* TabBar */,
			);
			path = Controllers;
			sourceTree = "<group>";
		};
		5A445F2420729F25009497B0 /* Views */ = {
			isa = PBXGroup;
			children = (
				5A3A99FB2076A6FB00191EEF /* Action Button */,
				5A0DCCCF208039EB000FCAAC /* Activity Cell */,
				5AD02B08207D3FB800E48C9B /* Floating Action Button */,
				5A7D9A322077FFB100EF6D73 /* Image Card */,
				5AB7EAF62087F7B70087B7DB /* Image Carousel */,
				5A5932FD2087D0DA003A1751 /* Itinerary Header Cell */,
				5A5676EC207E8721002656F8 /* Itinerary Summary */,
				5A5676FD207EB46E002656F8 /* Itinerary Summary Cell */,
				5A0DCCD52080485E000FCAAC /* Labeled Icon */,
				5A3A99FC2076A70900191EEF /* Tab Bar */,
				5A445F1720729AAF009497B0 /* LaunchScreen.storyboard */,
			);
			path = Views;
			sourceTree = "<group>";
		};
		5A445F2520729F2E009497B0 /* Models */ = {
			isa = PBXGroup;
			children = (
				5A699993209A53DE001B909B /* Activity */,
				5A699994209A53E6001B909B /* Badge */,
				5A699995209A53F3001B909B /* Itinerary */,
				5A699997209A5401001B909B /* Itinerary Feed Record Book */,
				5A699998209A5409001B909B /* Itinerary Pinned Record Book */,
				5A699996209A53F9001B909B /* Itinerary Record Book */,
				5A69999C209A542F001B909B /* Library */,
				5A699999209A5411001B909B /* Location */,
				5A69999B209A5429001B909B /* Record */,
				5A69999A209A5416001B909B /* Record Book */,
			);
			path = Models;
			sourceTree = "<group>";
		};
		5A445F2620729F48009497B0 /* App */ = {
			isa = PBXGroup;
			children = (
				5A445F1520729AAF009497B0 /* Assets.xcassets */,
				5A445F2320729F1E009497B0 /* Controllers */,
				5A4F8B0720911C48006AE5E3 /* Helpers */,
				5A445F2520729F2E009497B0 /* Models */,
				5A445F2420729F25009497B0 /* Views */,
				5A445F0C20729AAE009497B0 /* AppDelegate.h */,
				5A445F0D20729AAE009497B0 /* AppDelegate.m */,
				5A445F1B20729AAF009497B0 /* main.m */,
				5A445F1220729AAE009497B0 /* Main.storyboard */,
			);
			path = App;
			sourceTree = "<group>";
		};
		5A445F2A2072B7A7009497B0 /* Demo */ = {
			isa = PBXGroup;
			children = (
				5A7D9A302077FCA300EF6D73 /* DemoAssets.xcassets */,
				5A200B35209791D7008AB019 /* Demo Controllers */,
				5A7B6BA0207FF70E00C99AA0 /* Mocks */,
				5AF738E120740F3000B8E75C /* Models */,
				5A7B6B90207FEE9B00C99AA0 /* Helpers */,
				5A445F272072B790009497B0 /* Demo.storyboard */,
			);
			path = Demo;
			sourceTree = "<group>";
		};
		5A4F8B0720911C48006AE5E3 /* Helpers */ = {
			isa = PBXGroup;
			children = (
				5A69999D209A5A21001B909B /* Palette */,
				5A69999E209A5A27001B909B /* Type Library */,
				5A69999F209A5A35001B909B /* UIColor+ */,
			);
			path = Helpers;
			sourceTree = "<group>";
		};
		5A5676EC207E8721002656F8 /* Itinerary Summary */ = {
			isa = PBXGroup;
			children = (
				5A5676F2207E87B8002656F8 /* PORItinerarySummaryView.xib */,
				5A5676E9207E8710002656F8 /* PORItinerarySummaryView.h */,
				5A5676EA207E8710002656F8 /* PORItinerarySummaryView.m */,
			);
			path = "Itinerary Summary";
			sourceTree = "<group>";
		};
		5A5676FD207EB46E002656F8 /* Itinerary Summary Cell */ = {
			isa = PBXGroup;
			children = (
				5A5676FF207EB46E002656F8 /* PORItinerarySummaryCellView.h */,
				5A5676FE207EB46E002656F8 /* PORItinerarySummaryCellView.m */,
			);
			path = "Itinerary Summary Cell";
			sourceTree = "<group>";
		};
		5A5932FD2087D0DA003A1751 /* Itinerary Header Cell */ = {
			isa = PBXGroup;
			children = (
				5A5932FE2087D106003A1751 /* PORItineraryHeaderCellView.h */,
				5A5932FF2087D106003A1751 /* PORItineraryHeaderCellView.m */,
				5A5933002087D106003A1751 /* PORItineraryHeaderCellView.xib */,
			);
			path = "Itinerary Header Cell";
			sourceTree = "<group>";
		};
		5A5933032087D14D003A1751 /* Itinerary Header Cell */ = {
			isa = PBXGroup;
			children = (
				5A5933042087D17F003A1751 /* PORItineraryHeaderCellDemoViewController.h */,
				5A5933052087D17F003A1751 /* PORItineraryHeaderCellDemoViewController.m */,
			);
			path = "Itinerary Header Cell";
			sourceTree = "<group>";
		};
		5A699992209A4B67001B909B /* Show Itinerary Pinned */ = {
			isa = PBXGroup;
			children = (
				5A69998F209A4B64001B909B /* PORShowItineraryPinnedController.h */,
				5A699990209A4B64001B909B /* PORShowItineraryPinnedController.m */,
			);
			path = "Show Itinerary Pinned";
			sourceTree = "<group>";
		};
		5A699993209A53DE001B909B /* Activity */ = {
			isa = PBXGroup;
			children = (
				5A9333BD207D690B003F7217 /* PORActivity.h */,
				5A9333BE207D690B003F7217 /* PORActivity.m */,
			);
			path = Activity;
			sourceTree = "<group>";
		};
		5A699994209A53E6001B909B /* Badge */ = {
			isa = PBXGroup;
			children = (
				5A7B6B8A207FD88E00C99AA0 /* PORBadge.h */,
				5A7B6B8B207FD88E00C99AA0 /* PORBadge.m */,
			);
			path = Badge;
			sourceTree = "<group>";
		};
		5A699995209A53F3001B909B /* Itinerary */ = {
			isa = PBXGroup;
			children = (
				5A7B6B87207FD77200C99AA0 /* PORItinerary.h */,
				5A7B6B88207FD77200C99AA0 /* PORItinerary.m */,
			);
			path = Itinerary;
			sourceTree = "<group>";
		};
		5A699996209A53F9001B909B /* Itinerary Record Book */ = {
			isa = PBXGroup;
			children = (
				5A200B4B209914E2008AB019 /* PORItineraryRecordBook.h */,
				5A200B4C209914E2008AB019 /* PORItineraryRecordBook.m */,
			);
			path = "Itinerary Record Book";
			sourceTree = "<group>";
		};
		5A699997209A5401001B909B /* Itinerary Feed Record Book */ = {
			isa = PBXGroup;
			children = (
				5A200B48209914A0008AB019 /* PORItineraryFeedRecordBook.h */,
				5A200B49209914A0008AB019 /* PORItineraryFeedRecordBook.m */,
			);
			path = "Itinerary Feed Record Book";
			sourceTree = "<group>";
		};
		5A699998209A5409001B909B /* Itinerary Pinned Record Book */ = {
			isa = PBXGroup;
			children = (
				5A200B4E20991590008AB019 /* PORItineraryPinnedRecordBook.h */,
				5A200B4F20991590008AB019 /* PORItineraryPinnedRecordBook.m */,
			);
			path = "Itinerary Pinned Record Book";
			sourceTree = "<group>";
		};
		5A699999209A5411001B909B /* Location */ = {
			isa = PBXGroup;
			children = (
				5A7B6B84207FD67700C99AA0 /* PORLocation.h */,
				5A7B6B85207FD67700C99AA0 /* PORLocation.m */,
			);
			path = Location;
			sourceTree = "<group>";
		};
		5A69999A209A5416001B909B /* Record Book */ = {
			isa = PBXGroup;
			children = (
				5A200B3220978EFF008AB019 /* PORRecordBook.h */,
				5A200B3320978EFF008AB019 /* PORRecordBook.m */,
			);
			path = "Record Book";
			sourceTree = "<group>";
		};
		5A69999B209A5429001B909B /* Record */ = {
			isa = PBXGroup;
			children = (
				5A200B2F20978C4B008AB019 /* PORRecord.h */,
				5A200B3020978C4B008AB019 /* PORRecord.m */,
			);
			path = Record;
			sourceTree = "<group>";
		};
		5A69999C209A542F001B909B /* Library */ = {
			isa = PBXGroup;
			children = (
				5A69998C209A3FE5001B909B /* PORLibrary.h */,
				5A69998D209A3FE5001B909B /* PORLibrary.m */,
			);
			path = Library;
			sourceTree = "<group>";
		};
		5A69999D209A5A21001B909B /* Palette */ = {
			isa = PBXGroup;
			children = (
				5A4F8B0A20911C48006AE5E3 /* PORPalette.h */,
				5A4F8B0F20911C48006AE5E3 /* PORPalette.m */,
			);
			path = Palette;
			sourceTree = "<group>";
		};
		5A69999E209A5A27001B909B /* Type Library */ = {
			isa = PBXGroup;
			children = (
				5A4F8B1720911D16006AE5E3 /* PORTypeLibrary.h */,
				5A4F8B0C20911C48006AE5E3 /* PORTypeLibrary.m */,
			);
			path = "Type Library";
			sourceTree = "<group>";
		};
		5A69999F209A5A35001B909B /* UIColor+ */ = {
			isa = PBXGroup;
			children = (
				5A4F8B0E20911C48006AE5E3 /* UIColor+Hex.h */,
				5A4F8B0920911C48006AE5E3 /* UIColor+Hex.m */,
			);
			path = "UIColor+";
			sourceTree = "<group>";
		};
		5A6999A0209A5A9F001B909B /* Activity+ */ = {
			isa = PBXGroup;
			children = (
				5A54E721208139EE00C32356 /* PORActivity+Mocks.h */,
				5A54E722208139EE00C32356 /* PORActivity+Mocks.m */,
			);
			path = "Activity+";
			sourceTree = "<group>";
		};
		5A6999A1209A5AA7001B909B /* Badge+ */ = {
			isa = PBXGroup;
			children = (
				5A7B6B9A207FF67E00C99AA0 /* PORBadge+Mocks.h */,
				5A7B6B9B207FF67E00C99AA0 /* PORBadge+Mocks.m */,
			);
			path = "Badge+";
			sourceTree = "<group>";
		};
		5A6999A2209A5AAD001B909B /* Itinerary+ */ = {
			isa = PBXGroup;
			children = (
				5A7B6B94207FEF6A00C99AA0 /* PORItinerary+Mocks.h */,
				5A7B6B95207FEF6A00C99AA0 /* PORItinerary+Mocks.m */,
			);
			path = "Itinerary+";
			sourceTree = "<group>";
		};
		5A6999A3209A5AB7001B909B /* Puffin */ = {
			isa = PBXGroup;
			children = (
				5A200B3720979259008AB019 /* PORPuffin.h */,
				5A200B3820979259008AB019 /* PORPuffin.m */,
			);
			path = Puffin;
			sourceTree = "<group>";
		};
		5A6999A4209A5ABC001B909B /* Puffin Record Book */ = {
			isa = PBXGroup;
			children = (
				5A200B3A2097926A008AB019 /* PORPuffins.h */,
				5A200B3B2097926A008AB019 /* PORPuffins.m */,
			);
			path = "Puffin Record Book";
			sourceTree = "<group>";
		};
		5A7B6B83207FB1B600C99AA0 /* Itinerary Summary */ = {
			isa = PBXGroup;
			children = (
				5A7B6B80207FB1A600C99AA0 /* PORItinerarySummaryDemoViewController.h */,
				5A7B6B81207FB1A600C99AA0 /* PORItinerarySummaryDemoViewController.m */,
			);
			path = "Itinerary Summary";
			sourceTree = "<group>";
		};
		5A7B6B90207FEE9B00C99AA0 /* Helpers */ = {
			isa = PBXGroup;
			children = (
				5A7B6B9D207FF6E700C99AA0 /* NSString+Random.h */,
				5A7B6B9E207FF6E700C99AA0 /* NSString+Random.m */,
				5A7B6BA1207FF9C100C99AA0 /* NSNumber+Random.h */,
				5A7B6BA2207FF9C100C99AA0 /* NSNumber+Random.m */,
			);
			path = Helpers;
			sourceTree = "<group>";
		};
		5A7B6BA0207FF70E00C99AA0 /* Mocks */ = {
			isa = PBXGroup;
			children = (
				5A6999A0209A5A9F001B909B /* Activity+ */,
				5A6999A1209A5AA7001B909B /* Badge+ */,
				5A6999A2209A5AAD001B909B /* Itinerary+ */,
			);
			path = Mocks;
			sourceTree = "<group>";
		};
		5A7D9A322077FFB100EF6D73 /* Image Card */ = {
			isa = PBXGroup;
			children = (
				5A7D9A352077FFF800EF6D73 /* PORImageCardView.h */,
				5A7D9A362077FFF800EF6D73 /* PORImageCardView.m */,
				5A7D9A332077FFE300EF6D73 /* PORImageCardView.xib */,
			);
			path = "Image Card";
			sourceTree = "<group>";
		};
		5AB7EAF62087F7B70087B7DB /* Image Carousel */ = {
			isa = PBXGroup;
			children = (
				5AB7EAF72087F7D10087B7DB /* PORImageCarouselView.h */,
				5AB7EAF82087F7D10087B7DB /* PORImageCarouselView.m */,
				5AB7EAFA2087F82C0087B7DB /* PORImageCarouselView.xib */,
			);
			path = "Image Carousel";
			sourceTree = "<group>";
		};
		5AC2A8F9207BEB36003B2AD5 /* Image Carousel */ = {
			isa = PBXGroup;
			children = (
				5AC2A8FA207BEB65003B2AD5 /* PORImageCarouselDemoViewController.h */,
				5AC2A8FB207BEB65003B2AD5 /* PORImageCarouselDemoViewController.m */,
			);
			path = "Image Carousel";
			sourceTree = "<group>";
		};
		5AD02B08207D3FB800E48C9B /* Floating Action Button */ = {
			isa = PBXGroup;
			children = (
				5AD02B0B207D3FB800E48C9B /* PORFloatingActionButtonView.h */,
				5AD02B09207D3FB800E48C9B /* PORFloatingActionButtonView.m */,
			);
			path = "Floating Action Button";
			sourceTree = "<group>";
		};
		5AF738E020740F2100B8E75C /* View Demos */ = {
			isa = PBXGroup;
			children = (
				5A200B412097939F008AB019 /* Action Button */,
				5A0DCCCB208038D0000FCAAC /* Activity Cell */,
				5AC2A8F9207BEB36003B2AD5 /* Image Carousel */,
				5A5933032087D14D003A1751 /* Itinerary Header Cell */,
				5A7B6B83207FB1B600C99AA0 /* Itinerary Summary */,
			);
			path = "View Demos";
			sourceTree = "<group>";
		};
		5AF738E120740F3000B8E75C /* Models */ = {
			isa = PBXGroup;
			children = (
				5A6999A3209A5AB7001B909B /* Puffin */,
				5A6999A4209A5ABC001B909B /* Puffin Record Book */,
			);
			path = Models;
			sourceTree = "<group>";
		};
		5AFD5CA420890C31009D2908 /* TabBar */ = {
			isa = PBXGroup;
			children = (
				5AA949172075589B00060FE8 /* PORTabBarController.h */,
				5AA949182075589B00060FE8 /* PORTabBarController.m */,
			);
			path = TabBar;
			sourceTree = "<group>";
		};
		5AFD5CA520890C4F009D2908 /* Navigation */ = {
			isa = PBXGroup;
			children = (
				5AFD5CA620890C6C009D2908 /* PORNavigationController.h */,
				5AFD5CA720890C6C009D2908 /* PORNavigationController.m */,
			);
			path = Navigation;
			sourceTree = "<group>";
		};
		5AFD5CB7208933CD009D2908 /* Index Itineraries */ = {
			isa = PBXGroup;
			children = (
				5AFD5CB820893432009D2908 /* PORIndexItinerariesController.h */,
				5AFD5CB920893432009D2908 /* PORIndexItinerariesController.m */,
			);
			path = "Index Itineraries";
			sourceTree = "<group>";
		};
		5AFD5CBB20893D80009D2908 /* Show Itinerary */ = {
			isa = PBXGroup;
			children = (
				5AFD5CBC20893D9B009D2908 /* PORShowItineraryController.h */,
				5AFD5CBD20893D9B009D2908 /* PORShowItineraryController.m */,
			);
			path = "Show Itinerary";
			sourceTree = "<group>";
		};
/* End PBXGroup section */

/* Begin PBXNativeTarget section */
		5A445F0820729AAE009497B0 /* Portland Rose */ = {
			isa = PBXNativeTarget;
			buildConfigurationList = 5A445F1F20729AAF009497B0 /* Build configuration list for PBXNativeTarget "Portland Rose" */;
			buildPhases = (
				5A445F0520729AAE009497B0 /* Sources */,
				5A445F0620729AAE009497B0 /* Frameworks */,
				5A445F0720729AAE009497B0 /* Resources */,
			);
			buildRules = (
			);
			dependencies = (
			);
			name = "Portland Rose";
			productName = "Portland Rose";
			productReference = 5A445F0920729AAE009497B0 /* Portland Rose.app */;
			productType = "com.apple.product-type.application";
		};
/* End PBXNativeTarget section */

/* Begin PBXProject section */
		5A445F0120729AAD009497B0 /* Project object */ = {
			isa = PBXProject;
			attributes = {
				LastUpgradeCheck = 0930;
				ORGANIZATIONNAME = "Useless Corporation";
				TargetAttributes = {
					5A445F0820729AAE009497B0 = {
						CreatedOnToolsVersion = 9.3;
					};
				};
			};
			buildConfigurationList = 5A445F0420729AAD009497B0 /* Build configuration list for PBXProject "Portland Rose" */;
			compatibilityVersion = "Xcode 9.3";
			developmentRegion = en;
			hasScannedForEncodings = 0;
			knownRegions = (
				en,
				Base,
			);
			mainGroup = 5A445F0020729AAD009497B0;
			productRefGroup = 5A445F0A20729AAE009497B0 /* Products */;
			projectDirPath = "";
			projectRoot = "";
			targets = (
				5A445F0820729AAE009497B0 /* Portland Rose */,
			);
		};
/* End PBXProject section */

/* Begin PBXResourcesBuildPhase section */
		5A445F0720729AAE009497B0 /* Resources */ = {
			isa = PBXResourcesBuildPhase;
			buildActionMask = 2147483647;
			files = (
				5AA9492020755A6D00060FE8 /* PORTabBarView.xib in Resources */,
				5A5676F3207E87B8002656F8 /* PORItinerarySummaryView.xib in Resources */,
				5A445F1920729AAF009497B0 /* LaunchScreen.storyboard in Resources */,
				5AF738D9207408EC00B8E75C /* PORActionButtonView.xib in Resources */,
				5AB7EAFB2087F82C0087B7DB /* PORImageCarouselView.xib in Resources */,
				5A445F1620729AAF009497B0 /* Assets.xcassets in Resources */,
				5A445F1420729AAE009497B0 /* Main.storyboard in Resources */,
				5A445F292072B790009497B0 /* Demo.storyboard in Resources */,
				5A0DCCD420803BC1000FCAAC /* PORActivityCellView.xib in Resources */,
				5A0DCCDA208048B8000FCAAC /* PORLabeledIconView.xib in Resources */,
				5A7D9A342077FFE300EF6D73 /* PORImageCardView.xib in Resources */,
				5A7D9A312077FCA300EF6D73 /* DemoAssets.xcassets in Resources */,
				5A5933022087D106003A1751 /* PORItineraryHeaderCellView.xib in Resources */,
			);
			runOnlyForDeploymentPostprocessing = 0;
		};
/* End PBXResourcesBuildPhase section */

/* Begin PBXSourcesBuildPhase section */
		5A445F0520729AAE009497B0 /* Sources */ = {
			isa = PBXSourcesBuildPhase;
			buildActionMask = 2147483647;
			files = (
				5AFD5CA820890C6C009D2908 /* PORNavigationController.m in Sources */,
				5A7B6B9F207FF6E700C99AA0 /* NSString+Random.m in Sources */,
				5AB7EAF92087F7D10087B7DB /* PORImageCarouselView.m in Sources */,
				5A7B6B82207FB1A600C99AA0 /* PORItinerarySummaryDemoViewController.m in Sources */,
				5A4F8B1520911C48006AE5E3 /* PORPalette.m in Sources */,
				5A7B6B96207FEF6A00C99AA0 /* PORItinerary+Mocks.m in Sources */,
				5A7D9A372077FFF800EF6D73 /* PORImageCardView.m in Sources */,
				5AD02B0C207D3FB800E48C9B /* PORFloatingActionButtonView.m in Sources */,
				5A54E723208139EE00C32356 /* PORActivity+Mocks.m in Sources */,
				5AF738D32073FD6700B8E75C /* PORTypeLibraryDemoViewController.m in Sources */,
				5A200B5720991C0B008AB019 /* PORIndexItinerariesPinnedController.m in Sources */,
				5A4F8B1320911C48006AE5E3 /* PORTypeLibrary.m in Sources */,
				5A200B4D209914E2008AB019 /* PORItineraryRecordBook.m in Sources */,
				5A69998E209A3FE5001B909B /* PORLibrary.m in Sources */,
				5A7B6B89207FD77200C99AA0 /* PORItinerary.m in Sources */,
				5A200B5020991590008AB019 /* PORItineraryPinnedRecordBook.m in Sources */,
				5A445F1C20729AAF009497B0 /* main.m in Sources */,
				5A4F8B1220911C48006AE5E3 /* UIColor+Hex.m in Sources */,
				5A5933062087D17F003A1751 /* PORItineraryHeaderCellDemoViewController.m in Sources */,
				5A0DCCD8208048A9000FCAAC /* PORLabeledIconView.m in Sources */,
				5A0DCCD220803AFF000FCAAC /* PORActivityCellView.m in Sources */,
				5A200B3920979259008AB019 /* PORPuffin.m in Sources */,
				5AFD5CBE20893D9B009D2908 /* PORShowItineraryController.m in Sources */,
				5AA9491A2075589B00060FE8 /* PORTabBarController.m in Sources */,
				5A445F0E20729AAE009497B0 /* AppDelegate.m in Sources */,
				5A200B3420978EFF008AB019 /* PORRecordBook.m in Sources */,
				5A200B3C2097926A008AB019 /* PORPuffins.m in Sources */,
				5A4F8B1D20912897006AE5E3 /* PORRecordBookDemoViewController.m in Sources */,
				5A4ABF372072C36400349DBB /* PORDemosViewController.m in Sources */,
				5A5676EB207E8710002656F8 /* PORItinerarySummaryView.m in Sources */,
				5A1556DF208A38E700716481 /* PORShowUserController.m in Sources */,
				5A9333BF207D690B003F7217 /* PORActivity.m in Sources */,
				5A7B6B9C207FF67E00C99AA0 /* PORBadge+Mocks.m in Sources */,
				5AA9491E20755A6000060FE8 /* PORTabBarView.m in Sources */,
				5A5933012087D106003A1751 /* PORItineraryHeaderCellView.m in Sources */,
				5AFD5CBA20893432009D2908 /* PORIndexItinerariesController.m in Sources */,
				5A7B6B8C207FD88E00C99AA0 /* PORBadge.m in Sources */,
				5A200B3120978C4B008AB019 /* PORRecord.m in Sources */,
				5A200B5320991A9D008AB019 /* PORIndexItinerariesFeedController.m in Sources */,
				5AC2A8FC207BEB65003B2AD5 /* PORImageCarouselDemoViewController.m in Sources */,
				5AF738CB2073D7CB00B8E75C /* PORPaletteDemoViewController.m in Sources */,
				5A567700207EB46E002656F8 /* PORItinerarySummaryCellView.m in Sources */,
				5A7B6BA3207FF9C100C99AA0 /* NSNumber+Random.m in Sources */,
				5A200B4A209914A0008AB019 /* PORItineraryFeedRecordBook.m in Sources */,
				5A699991209A4B64001B909B /* PORShowItineraryPinnedController.m in Sources */,
				5A0DCCCE208038F6000FCAAC /* PORActivityCellDemoViewController.m in Sources */,
				5A200B442097939F008AB019 /* PORActionButtonDemoViewController.m in Sources */,
				5AF738DC207408F600B8E75C /* PORActionButtonView.m in Sources */,
				5A7B6B86207FD67700C99AA0 /* PORLocation.m in Sources */,
			);
			runOnlyForDeploymentPostprocessing = 0;
		};
/* End PBXSourcesBuildPhase section */

/* Begin PBXVariantGroup section */
		5A445F1220729AAE009497B0 /* Main.storyboard */ = {
			isa = PBXVariantGroup;
			children = (
				5A445F1320729AAE009497B0 /* Base */,
			);
			name = Main.storyboard;
			sourceTree = "<group>";
		};
		5A445F1720729AAF009497B0 /* LaunchScreen.storyboard */ = {
			isa = PBXVariantGroup;
			children = (
				5A445F1820729AAF009497B0 /* Base */,
			);
			name = LaunchScreen.storyboard;
			sourceTree = "<group>";
		};
		5A445F272072B790009497B0 /* Demo.storyboard */ = {
			isa = PBXVariantGroup;
			children = (
				5A445F282072B790009497B0 /* Base */,
			);
			name = Demo.storyboard;
			sourceTree = "<group>";
		};
/* End PBXVariantGroup section */

/* Begin XCBuildConfiguration section */
		5A445F1D20729AAF009497B0 /* Debug */ = {
			isa = XCBuildConfiguration;
			buildSettings = {
				ALWAYS_SEARCH_USER_PATHS = NO;
				CLANG_ANALYZER_NONNULL = YES;
				CLANG_ANALYZER_NUMBER_OBJECT_CONVERSION = YES_AGGRESSIVE;
				CLANG_CXX_LANGUAGE_STANDARD = "gnu++14";
				CLANG_CXX_LIBRARY = "libc++";
				CLANG_ENABLE_MODULES = YES;
				CLANG_ENABLE_OBJC_ARC = YES;
				CLANG_ENABLE_OBJC_WEAK = YES;
				CLANG_WARN_BLOCK_CAPTURE_AUTORELEASING = YES;
				CLANG_WARN_BOOL_CONVERSION = YES;
				CLANG_WARN_COMMA = YES;
				CLANG_WARN_CONSTANT_CONVERSION = YES;
				CLANG_WARN_DEPRECATED_OBJC_IMPLEMENTATIONS = YES;
				CLANG_WARN_DIRECT_OBJC_ISA_USAGE = YES_ERROR;
				CLANG_WARN_DOCUMENTATION_COMMENTS = YES;
				CLANG_WARN_EMPTY_BODY = YES;
				CLANG_WARN_ENUM_CONVERSION = YES;
				CLANG_WARN_INFINITE_RECURSION = YES;
				CLANG_WARN_INT_CONVERSION = YES;
				CLANG_WARN_NON_LITERAL_NULL_CONVERSION = YES;
				CLANG_WARN_OBJC_IMPLICIT_RETAIN_SELF = YES;
				CLANG_WARN_OBJC_LITERAL_CONVERSION = YES;
				CLANG_WARN_OBJC_ROOT_CLASS = YES_ERROR;
				CLANG_WARN_RANGE_LOOP_ANALYSIS = YES;
				CLANG_WARN_STRICT_PROTOTYPES = YES;
				CLANG_WARN_SUSPICIOUS_MOVE = YES;
				CLANG_WARN_UNGUARDED_AVAILABILITY = YES_AGGRESSIVE;
				CLANG_WARN_UNREACHABLE_CODE = YES;
				CLANG_WARN__DUPLICATE_METHOD_MATCH = YES;
				CODE_SIGN_IDENTITY = "iPhone Developer";
				COPY_PHASE_STRIP = NO;
				DEBUG_INFORMATION_FORMAT = dwarf;
				ENABLE_STRICT_OBJC_MSGSEND = YES;
				ENABLE_TESTABILITY = YES;
				GCC_C_LANGUAGE_STANDARD = gnu11;
				GCC_DYNAMIC_NO_PIC = NO;
				GCC_NO_COMMON_BLOCKS = YES;
				GCC_OPTIMIZATION_LEVEL = 0;
				GCC_PREPROCESSOR_DEFINITIONS = (
					"DEBUG=1",
					"$(inherited)",
				);
				GCC_WARN_64_TO_32_BIT_CONVERSION = YES;
				GCC_WARN_ABOUT_RETURN_TYPE = YES_ERROR;
				GCC_WARN_UNDECLARED_SELECTOR = YES;
				GCC_WARN_UNINITIALIZED_AUTOS = YES_AGGRESSIVE;
				GCC_WARN_UNUSED_FUNCTION = YES;
				GCC_WARN_UNUSED_VARIABLE = YES;
				IPHONEOS_DEPLOYMENT_TARGET = 11.3;
				MTL_ENABLE_DEBUG_INFO = YES;
				ONLY_ACTIVE_ARCH = YES;
				SDKROOT = iphoneos;
			};
			name = Debug;
		};
		5A445F1E20729AAF009497B0 /* Release */ = {
			isa = XCBuildConfiguration;
			buildSettings = {
				ALWAYS_SEARCH_USER_PATHS = NO;
				CLANG_ANALYZER_NONNULL = YES;
				CLANG_ANALYZER_NUMBER_OBJECT_CONVERSION = YES_AGGRESSIVE;
				CLANG_CXX_LANGUAGE_STANDARD = "gnu++14";
				CLANG_CXX_LIBRARY = "libc++";
				CLANG_ENABLE_MODULES = YES;
				CLANG_ENABLE_OBJC_ARC = YES;
				CLANG_ENABLE_OBJC_WEAK = YES;
				CLANG_WARN_BLOCK_CAPTURE_AUTORELEASING = YES;
				CLANG_WARN_BOOL_CONVERSION = YES;
				CLANG_WARN_COMMA = YES;
				CLANG_WARN_CONSTANT_CONVERSION = YES;
				CLANG_WARN_DEPRECATED_OBJC_IMPLEMENTATIONS = YES;
				CLANG_WARN_DIRECT_OBJC_ISA_USAGE = YES_ERROR;
				CLANG_WARN_DOCUMENTATION_COMMENTS = YES;
				CLANG_WARN_EMPTY_BODY = YES;
				CLANG_WARN_ENUM_CONVERSION = YES;
				CLANG_WARN_INFINITE_RECURSION = YES;
				CLANG_WARN_INT_CONVERSION = YES;
				CLANG_WARN_NON_LITERAL_NULL_CONVERSION = YES;
				CLANG_WARN_OBJC_IMPLICIT_RETAIN_SELF = YES;
				CLANG_WARN_OBJC_LITERAL_CONVERSION = YES;
				CLANG_WARN_OBJC_ROOT_CLASS = YES_ERROR;
				CLANG_WARN_RANGE_LOOP_ANALYSIS = YES;
				CLANG_WARN_STRICT_PROTOTYPES = YES;
				CLANG_WARN_SUSPICIOUS_MOVE = YES;
				CLANG_WARN_UNGUARDED_AVAILABILITY = YES_AGGRESSIVE;
				CLANG_WARN_UNREACHABLE_CODE = YES;
				CLANG_WARN__DUPLICATE_METHOD_MATCH = YES;
				CODE_SIGN_IDENTITY = "iPhone Developer";
				COPY_PHASE_STRIP = NO;
				DEBUG_INFORMATION_FORMAT = "dwarf-with-dsym";
				ENABLE_NS_ASSERTIONS = NO;
				ENABLE_STRICT_OBJC_MSGSEND = YES;
				GCC_C_LANGUAGE_STANDARD = gnu11;
				GCC_NO_COMMON_BLOCKS = YES;
				GCC_WARN_64_TO_32_BIT_CONVERSION = YES;
				GCC_WARN_ABOUT_RETURN_TYPE = YES_ERROR;
				GCC_WARN_UNDECLARED_SELECTOR = YES;
				GCC_WARN_UNINITIALIZED_AUTOS = YES_AGGRESSIVE;
				GCC_WARN_UNUSED_FUNCTION = YES;
				GCC_WARN_UNUSED_VARIABLE = YES;
				IPHONEOS_DEPLOYMENT_TARGET = 11.3;
				MTL_ENABLE_DEBUG_INFO = NO;
				SDKROOT = iphoneos;
				VALIDATE_PRODUCT = YES;
			};
			name = Release;
		};
		5A445F2020729AAF009497B0 /* Debug */ = {
			isa = XCBuildConfiguration;
			buildSettings = {
				ASSETCATALOG_COMPILER_APPICON_NAME = AppIcon;
				CODE_SIGN_STYLE = Automatic;
				DEVELOPMENT_TEAM = F24RJGRDV9;
				INFOPLIST_FILE = "Portland Rose/Config/Info.plist";
				IPHONEOS_DEPLOYMENT_TARGET = 11;
				LD_RUNPATH_SEARCH_PATHS = (
					"$(inherited)",
					"@executable_path/Frameworks",
				);
				PRODUCT_BUNDLE_IDENTIFIER = "com.uselesscorporation.Portland-Rose";
				PRODUCT_NAME = "$(TARGET_NAME)";
				TARGETED_DEVICE_FAMILY = 1;
			};
			name = Debug;
		};
		5A445F2120729AAF009497B0 /* Release */ = {
			isa = XCBuildConfiguration;
			buildSettings = {
				ASSETCATALOG_COMPILER_APPICON_NAME = AppIcon;
				CODE_SIGN_STYLE = Automatic;
				DEVELOPMENT_TEAM = F24RJGRDV9;
				INFOPLIST_FILE = "Portland Rose/Config/Info.plist";
				IPHONEOS_DEPLOYMENT_TARGET = 11;
				LD_RUNPATH_SEARCH_PATHS = (
					"$(inherited)",
					"@executable_path/Frameworks",
				);
				PRODUCT_BUNDLE_IDENTIFIER = "com.uselesscorporation.Portland-Rose";
				PRODUCT_NAME = "$(TARGET_NAME)";
				TARGETED_DEVICE_FAMILY = 1;
			};
			name = Release;
		};
		5AFD5CA920891C9E009D2908 /* Development Debug */ = {
			isa = XCBuildConfiguration;
			buildSettings = {
				ALWAYS_SEARCH_USER_PATHS = NO;
				CLANG_ANALYZER_NONNULL = YES;
				CLANG_ANALYZER_NUMBER_OBJECT_CONVERSION = YES_AGGRESSIVE;
				CLANG_CXX_LANGUAGE_STANDARD = "gnu++14";
				CLANG_CXX_LIBRARY = "libc++";
				CLANG_ENABLE_MODULES = YES;
				CLANG_ENABLE_OBJC_ARC = YES;
				CLANG_ENABLE_OBJC_WEAK = YES;
				CLANG_WARN_BLOCK_CAPTURE_AUTORELEASING = YES;
				CLANG_WARN_BOOL_CONVERSION = YES;
				CLANG_WARN_COMMA = YES;
				CLANG_WARN_CONSTANT_CONVERSION = YES;
				CLANG_WARN_DEPRECATED_OBJC_IMPLEMENTATIONS = YES;
				CLANG_WARN_DIRECT_OBJC_ISA_USAGE = YES_ERROR;
				CLANG_WARN_DOCUMENTATION_COMMENTS = YES;
				CLANG_WARN_EMPTY_BODY = YES;
				CLANG_WARN_ENUM_CONVERSION = YES;
				CLANG_WARN_INFINITE_RECURSION = YES;
				CLANG_WARN_INT_CONVERSION = YES;
				CLANG_WARN_NON_LITERAL_NULL_CONVERSION = YES;
				CLANG_WARN_OBJC_IMPLICIT_RETAIN_SELF = YES;
				CLANG_WARN_OBJC_LITERAL_CONVERSION = YES;
				CLANG_WARN_OBJC_ROOT_CLASS = YES_ERROR;
				CLANG_WARN_RANGE_LOOP_ANALYSIS = YES;
				CLANG_WARN_STRICT_PROTOTYPES = YES;
				CLANG_WARN_SUSPICIOUS_MOVE = YES;
				CLANG_WARN_UNGUARDED_AVAILABILITY = YES_AGGRESSIVE;
				CLANG_WARN_UNREACHABLE_CODE = YES;
				CLANG_WARN__DUPLICATE_METHOD_MATCH = YES;
				CODE_SIGN_IDENTITY = "iPhone Developer";
				COPY_PHASE_STRIP = NO;
				DEBUG_INFORMATION_FORMAT = dwarf;
				ENABLE_STRICT_OBJC_MSGSEND = YES;
				ENABLE_TESTABILITY = YES;
				GCC_C_LANGUAGE_STANDARD = gnu11;
				GCC_DYNAMIC_NO_PIC = NO;
				GCC_NO_COMMON_BLOCKS = YES;
				GCC_OPTIMIZATION_LEVEL = 0;
				GCC_PREPROCESSOR_DEFINITIONS = (
					"DEBUG=1",
					"$(inherited)",
					"DEMO=1",
				);
				"GCC_PREPROCESSOR_DEFINITIONS[arch=*]" = (
					"$(inherit)",
					"DEBUG=1",
					"DEMO=1",
				);
				GCC_WARN_64_TO_32_BIT_CONVERSION = YES;
				GCC_WARN_ABOUT_RETURN_TYPE = YES_ERROR;
				GCC_WARN_UNDECLARED_SELECTOR = YES;
				GCC_WARN_UNINITIALIZED_AUTOS = YES_AGGRESSIVE;
				GCC_WARN_UNUSED_FUNCTION = YES;
				GCC_WARN_UNUSED_VARIABLE = YES;
				IPHONEOS_DEPLOYMENT_TARGET = 11.3;
				MTL_ENABLE_DEBUG_INFO = YES;
				ONLY_ACTIVE_ARCH = YES;
				SDKROOT = iphoneos;
			};
			name = "Development Debug";
		};
		5AFD5CAA20891C9E009D2908 /* Development Debug */ = {
			isa = XCBuildConfiguration;
			buildSettings = {
				ASSETCATALOG_COMPILER_APPICON_NAME = AppIcon;
				CODE_SIGN_STYLE = Automatic;
				DEVELOPMENT_TEAM = F24RJGRDV9;
				INFOPLIST_FILE = "Portland Rose/Config/Info.plist";
				IPHONEOS_DEPLOYMENT_TARGET = 11;
				LD_RUNPATH_SEARCH_PATHS = (
					"$(inherited)",
					"@executable_path/Frameworks",
				);
				PRODUCT_BUNDLE_IDENTIFIER = "com.uselesscorporation.Portland-Rose";
				PRODUCT_NAME = "$(TARGET_NAME)";
				TARGETED_DEVICE_FAMILY = 1;
			};
			name = "Development Debug";
		};
		5AFD5CAB20891CB2009D2908 /* Staging Debug */ = {
			isa = XCBuildConfiguration;
			buildSettings = {
				ALWAYS_SEARCH_USER_PATHS = NO;
				CLANG_ANALYZER_NONNULL = YES;
				CLANG_ANALYZER_NUMBER_OBJECT_CONVERSION = YES_AGGRESSIVE;
				CLANG_CXX_LANGUAGE_STANDARD = "gnu++14";
				CLANG_CXX_LIBRARY = "libc++";
				CLANG_ENABLE_MODULES = YES;
				CLANG_ENABLE_OBJC_ARC = YES;
				CLANG_ENABLE_OBJC_WEAK = YES;
				CLANG_WARN_BLOCK_CAPTURE_AUTORELEASING = YES;
				CLANG_WARN_BOOL_CONVERSION = YES;
				CLANG_WARN_COMMA = YES;
				CLANG_WARN_CONSTANT_CONVERSION = YES;
				CLANG_WARN_DEPRECATED_OBJC_IMPLEMENTATIONS = YES;
				CLANG_WARN_DIRECT_OBJC_ISA_USAGE = YES_ERROR;
				CLANG_WARN_DOCUMENTATION_COMMENTS = YES;
				CLANG_WARN_EMPTY_BODY = YES;
				CLANG_WARN_ENUM_CONVERSION = YES;
				CLANG_WARN_INFINITE_RECURSION = YES;
				CLANG_WARN_INT_CONVERSION = YES;
				CLANG_WARN_NON_LITERAL_NULL_CONVERSION = YES;
				CLANG_WARN_OBJC_IMPLICIT_RETAIN_SELF = YES;
				CLANG_WARN_OBJC_LITERAL_CONVERSION = YES;
				CLANG_WARN_OBJC_ROOT_CLASS = YES_ERROR;
				CLANG_WARN_RANGE_LOOP_ANALYSIS = YES;
				CLANG_WARN_STRICT_PROTOTYPES = YES;
				CLANG_WARN_SUSPICIOUS_MOVE = YES;
				CLANG_WARN_UNGUARDED_AVAILABILITY = YES_AGGRESSIVE;
				CLANG_WARN_UNREACHABLE_CODE = YES;
				CLANG_WARN__DUPLICATE_METHOD_MATCH = YES;
				CODE_SIGN_IDENTITY = "iPhone Developer";
				COPY_PHASE_STRIP = NO;
				DEBUG_INFORMATION_FORMAT = dwarf;
				ENABLE_STRICT_OBJC_MSGSEND = YES;
				ENABLE_TESTABILITY = YES;
				GCC_C_LANGUAGE_STANDARD = gnu11;
				GCC_DYNAMIC_NO_PIC = NO;
				GCC_NO_COMMON_BLOCKS = YES;
				GCC_OPTIMIZATION_LEVEL = 0;
				GCC_PREPROCESSOR_DEFINITIONS = (
					"DEBUG=1",
					"$(inherited)",
				);
				GCC_WARN_64_TO_32_BIT_CONVERSION = YES;
				GCC_WARN_ABOUT_RETURN_TYPE = YES_ERROR;
				GCC_WARN_UNDECLARED_SELECTOR = YES;
				GCC_WARN_UNINITIALIZED_AUTOS = YES_AGGRESSIVE;
				GCC_WARN_UNUSED_FUNCTION = YES;
				GCC_WARN_UNUSED_VARIABLE = YES;
				IPHONEOS_DEPLOYMENT_TARGET = 11.3;
				MTL_ENABLE_DEBUG_INFO = YES;
				ONLY_ACTIVE_ARCH = YES;
				SDKROOT = iphoneos;
			};
			name = "Staging Debug";
		};
		5AFD5CAC20891CB2009D2908 /* Staging Debug */ = {
			isa = XCBuildConfiguration;
			buildSettings = {
				ASSETCATALOG_COMPILER_APPICON_NAME = AppIcon;
				CODE_SIGN_STYLE = Automatic;
				DEVELOPMENT_TEAM = F24RJGRDV9;
				INFOPLIST_FILE = "Portland Rose/Config/Info.plist";
				IPHONEOS_DEPLOYMENT_TARGET = 11;
				LD_RUNPATH_SEARCH_PATHS = (
					"$(inherited)",
					"@executable_path/Frameworks",
				);
				PRODUCT_BUNDLE_IDENTIFIER = "com.uselesscorporation.Portland-Rose";
				PRODUCT_NAME = "$(TARGET_NAME)";
				TARGETED_DEVICE_FAMILY = 1;
			};
			name = "Staging Debug";
		};
		5AFD5CAF20891CD9009D2908 /* Production Debug */ = {
			isa = XCBuildConfiguration;
			buildSettings = {
				ALWAYS_SEARCH_USER_PATHS = NO;
				CLANG_ANALYZER_NONNULL = YES;
				CLANG_ANALYZER_NUMBER_OBJECT_CONVERSION = YES_AGGRESSIVE;
				CLANG_CXX_LANGUAGE_STANDARD = "gnu++14";
				CLANG_CXX_LIBRARY = "libc++";
				CLANG_ENABLE_MODULES = YES;
				CLANG_ENABLE_OBJC_ARC = YES;
				CLANG_ENABLE_OBJC_WEAK = YES;
				CLANG_WARN_BLOCK_CAPTURE_AUTORELEASING = YES;
				CLANG_WARN_BOOL_CONVERSION = YES;
				CLANG_WARN_COMMA = YES;
				CLANG_WARN_CONSTANT_CONVERSION = YES;
				CLANG_WARN_DEPRECATED_OBJC_IMPLEMENTATIONS = YES;
				CLANG_WARN_DIRECT_OBJC_ISA_USAGE = YES_ERROR;
				CLANG_WARN_DOCUMENTATION_COMMENTS = YES;
				CLANG_WARN_EMPTY_BODY = YES;
				CLANG_WARN_ENUM_CONVERSION = YES;
				CLANG_WARN_INFINITE_RECURSION = YES;
				CLANG_WARN_INT_CONVERSION = YES;
				CLANG_WARN_NON_LITERAL_NULL_CONVERSION = YES;
				CLANG_WARN_OBJC_IMPLICIT_RETAIN_SELF = YES;
				CLANG_WARN_OBJC_LITERAL_CONVERSION = YES;
				CLANG_WARN_OBJC_ROOT_CLASS = YES_ERROR;
				CLANG_WARN_RANGE_LOOP_ANALYSIS = YES;
				CLANG_WARN_STRICT_PROTOTYPES = YES;
				CLANG_WARN_SUSPICIOUS_MOVE = YES;
				CLANG_WARN_UNGUARDED_AVAILABILITY = YES_AGGRESSIVE;
				CLANG_WARN_UNREACHABLE_CODE = YES;
				CLANG_WARN__DUPLICATE_METHOD_MATCH = YES;
				CODE_SIGN_IDENTITY = "iPhone Developer";
				COPY_PHASE_STRIP = NO;
				DEBUG_INFORMATION_FORMAT = dwarf;
				ENABLE_STRICT_OBJC_MSGSEND = YES;
				ENABLE_TESTABILITY = YES;
				GCC_C_LANGUAGE_STANDARD = gnu11;
				GCC_DYNAMIC_NO_PIC = NO;
				GCC_NO_COMMON_BLOCKS = YES;
				GCC_OPTIMIZATION_LEVEL = 0;
				GCC_PREPROCESSOR_DEFINITIONS = (
					"DEBUG=1",
					"$(inherited)",
				);
				GCC_WARN_64_TO_32_BIT_CONVERSION = YES;
				GCC_WARN_ABOUT_RETURN_TYPE = YES_ERROR;
				GCC_WARN_UNDECLARED_SELECTOR = YES;
				GCC_WARN_UNINITIALIZED_AUTOS = YES_AGGRESSIVE;
				GCC_WARN_UNUSED_FUNCTION = YES;
				GCC_WARN_UNUSED_VARIABLE = YES;
				IPHONEOS_DEPLOYMENT_TARGET = 11.3;
				MTL_ENABLE_DEBUG_INFO = YES;
				ONLY_ACTIVE_ARCH = YES;
				SDKROOT = iphoneos;
			};
			name = "Production Debug";
		};
		5AFD5CB020891CD9009D2908 /* Production Debug */ = {
			isa = XCBuildConfiguration;
			buildSettings = {
				ASSETCATALOG_COMPILER_APPICON_NAME = AppIcon;
				CODE_SIGN_STYLE = Automatic;
				DEVELOPMENT_TEAM = F24RJGRDV9;
				INFOPLIST_FILE = "Portland Rose/Config/Info.plist";
				IPHONEOS_DEPLOYMENT_TARGET = 11;
				LD_RUNPATH_SEARCH_PATHS = (
					"$(inherited)",
					"@executable_path/Frameworks",
				);
				PRODUCT_BUNDLE_IDENTIFIER = "com.uselesscorporation.Portland-Rose";
				PRODUCT_NAME = "$(TARGET_NAME)";
				TARGETED_DEVICE_FAMILY = 1;
			};
			name = "Production Debug";
		};
		5AFD5CB120891CE2009D2908 /* Development Release */ = {
			isa = XCBuildConfiguration;
			buildSettings = {
				ALWAYS_SEARCH_USER_PATHS = NO;
				CLANG_ANALYZER_NONNULL = YES;
				CLANG_ANALYZER_NUMBER_OBJECT_CONVERSION = YES_AGGRESSIVE;
				CLANG_CXX_LANGUAGE_STANDARD = "gnu++14";
				CLANG_CXX_LIBRARY = "libc++";
				CLANG_ENABLE_MODULES = YES;
				CLANG_ENABLE_OBJC_ARC = YES;
				CLANG_ENABLE_OBJC_WEAK = YES;
				CLANG_WARN_BLOCK_CAPTURE_AUTORELEASING = YES;
				CLANG_WARN_BOOL_CONVERSION = YES;
				CLANG_WARN_COMMA = YES;
				CLANG_WARN_CONSTANT_CONVERSION = YES;
				CLANG_WARN_DEPRECATED_OBJC_IMPLEMENTATIONS = YES;
				CLANG_WARN_DIRECT_OBJC_ISA_USAGE = YES_ERROR;
				CLANG_WARN_DOCUMENTATION_COMMENTS = YES;
				CLANG_WARN_EMPTY_BODY = YES;
				CLANG_WARN_ENUM_CONVERSION = YES;
				CLANG_WARN_INFINITE_RECURSION = YES;
				CLANG_WARN_INT_CONVERSION = YES;
				CLANG_WARN_NON_LITERAL_NULL_CONVERSION = YES;
				CLANG_WARN_OBJC_IMPLICIT_RETAIN_SELF = YES;
				CLANG_WARN_OBJC_LITERAL_CONVERSION = YES;
				CLANG_WARN_OBJC_ROOT_CLASS = YES_ERROR;
				CLANG_WARN_RANGE_LOOP_ANALYSIS = YES;
				CLANG_WARN_STRICT_PROTOTYPES = YES;
				CLANG_WARN_SUSPICIOUS_MOVE = YES;
				CLANG_WARN_UNGUARDED_AVAILABILITY = YES_AGGRESSIVE;
				CLANG_WARN_UNREACHABLE_CODE = YES;
				CLANG_WARN__DUPLICATE_METHOD_MATCH = YES;
				CODE_SIGN_IDENTITY = "iPhone Developer";
				COPY_PHASE_STRIP = NO;
				DEBUG_INFORMATION_FORMAT = "dwarf-with-dsym";
				ENABLE_NS_ASSERTIONS = NO;
				ENABLE_STRICT_OBJC_MSGSEND = YES;
				GCC_C_LANGUAGE_STANDARD = gnu11;
				GCC_NO_COMMON_BLOCKS = YES;
				GCC_PREPROCESSOR_DEFINITIONS = "DEMO=1";
				"GCC_PREPROCESSOR_DEFINITIONS[arch=*]" = (
					"DEMO=1",
					"DEBUG=1",
				);
				GCC_WARN_64_TO_32_BIT_CONVERSION = YES;
				GCC_WARN_ABOUT_RETURN_TYPE = YES_ERROR;
				GCC_WARN_UNDECLARED_SELECTOR = YES;
				GCC_WARN_UNINITIALIZED_AUTOS = YES_AGGRESSIVE;
				GCC_WARN_UNUSED_FUNCTION = YES;
				GCC_WARN_UNUSED_VARIABLE = YES;
				IPHONEOS_DEPLOYMENT_TARGET = 11.3;
				MTL_ENABLE_DEBUG_INFO = NO;
				SDKROOT = iphoneos;
				VALIDATE_PRODUCT = YES;
			};
			name = "Development Release";
		};
		5AFD5CB220891CE2009D2908 /* Development Release */ = {
			isa = XCBuildConfiguration;
			buildSettings = {
				ASSETCATALOG_COMPILER_APPICON_NAME = AppIcon;
				CODE_SIGN_STYLE = Automatic;
				DEVELOPMENT_TEAM = F24RJGRDV9;
				INFOPLIST_FILE = "Portland Rose/Config/Info.plist";
				IPHONEOS_DEPLOYMENT_TARGET = 11;
				LD_RUNPATH_SEARCH_PATHS = (
					"$(inherited)",
					"@executable_path/Frameworks",
				);
				PRODUCT_BUNDLE_IDENTIFIER = "com.uselesscorporation.Portland-Rose";
				PRODUCT_NAME = "$(TARGET_NAME)";
				TARGETED_DEVICE_FAMILY = 1;
			};
			name = "Development Release";
		};
		5AFD5CB320891CE8009D2908 /* Staging Release */ = {
			isa = XCBuildConfiguration;
			buildSettings = {
				ALWAYS_SEARCH_USER_PATHS = NO;
				CLANG_ANALYZER_NONNULL = YES;
				CLANG_ANALYZER_NUMBER_OBJECT_CONVERSION = YES_AGGRESSIVE;
				CLANG_CXX_LANGUAGE_STANDARD = "gnu++14";
				CLANG_CXX_LIBRARY = "libc++";
				CLANG_ENABLE_MODULES = YES;
				CLANG_ENABLE_OBJC_ARC = YES;
				CLANG_ENABLE_OBJC_WEAK = YES;
				CLANG_WARN_BLOCK_CAPTURE_AUTORELEASING = YES;
				CLANG_WARN_BOOL_CONVERSION = YES;
				CLANG_WARN_COMMA = YES;
				CLANG_WARN_CONSTANT_CONVERSION = YES;
				CLANG_WARN_DEPRECATED_OBJC_IMPLEMENTATIONS = YES;
				CLANG_WARN_DIRECT_OBJC_ISA_USAGE = YES_ERROR;
				CLANG_WARN_DOCUMENTATION_COMMENTS = YES;
				CLANG_WARN_EMPTY_BODY = YES;
				CLANG_WARN_ENUM_CONVERSION = YES;
				CLANG_WARN_INFINITE_RECURSION = YES;
				CLANG_WARN_INT_CONVERSION = YES;
				CLANG_WARN_NON_LITERAL_NULL_CONVERSION = YES;
				CLANG_WARN_OBJC_IMPLICIT_RETAIN_SELF = YES;
				CLANG_WARN_OBJC_LITERAL_CONVERSION = YES;
				CLANG_WARN_OBJC_ROOT_CLASS = YES_ERROR;
				CLANG_WARN_RANGE_LOOP_ANALYSIS = YES;
				CLANG_WARN_STRICT_PROTOTYPES = YES;
				CLANG_WARN_SUSPICIOUS_MOVE = YES;
				CLANG_WARN_UNGUARDED_AVAILABILITY = YES_AGGRESSIVE;
				CLANG_WARN_UNREACHABLE_CODE = YES;
				CLANG_WARN__DUPLICATE_METHOD_MATCH = YES;
				CODE_SIGN_IDENTITY = "iPhone Developer";
				COPY_PHASE_STRIP = NO;
				DEBUG_INFORMATION_FORMAT = "dwarf-with-dsym";
				ENABLE_NS_ASSERTIONS = NO;
				ENABLE_STRICT_OBJC_MSGSEND = YES;
				GCC_C_LANGUAGE_STANDARD = gnu11;
				GCC_NO_COMMON_BLOCKS = YES;
				GCC_WARN_64_TO_32_BIT_CONVERSION = YES;
				GCC_WARN_ABOUT_RETURN_TYPE = YES_ERROR;
				GCC_WARN_UNDECLARED_SELECTOR = YES;
				GCC_WARN_UNINITIALIZED_AUTOS = YES_AGGRESSIVE;
				GCC_WARN_UNUSED_FUNCTION = YES;
				GCC_WARN_UNUSED_VARIABLE = YES;
				IPHONEOS_DEPLOYMENT_TARGET = 11.3;
				MTL_ENABLE_DEBUG_INFO = NO;
				SDKROOT = iphoneos;
				VALIDATE_PRODUCT = YES;
			};
			name = "Staging Release";
		};
		5AFD5CB420891CE8009D2908 /* Staging Release */ = {
			isa = XCBuildConfiguration;
			buildSettings = {
				ASSETCATALOG_COMPILER_APPICON_NAME = AppIcon;
				CODE_SIGN_STYLE = Automatic;
				DEVELOPMENT_TEAM = F24RJGRDV9;
				INFOPLIST_FILE = "Portland Rose/Config/Info.plist";
				IPHONEOS_DEPLOYMENT_TARGET = 11;
				LD_RUNPATH_SEARCH_PATHS = (
					"$(inherited)",
					"@executable_path/Frameworks",
				);
				PRODUCT_BUNDLE_IDENTIFIER = "com.uselesscorporation.Portland-Rose";
				PRODUCT_NAME = "$(TARGET_NAME)";
				TARGETED_DEVICE_FAMILY = 1;
			};
			name = "Staging Release";
		};
		5AFD5CB520891CF0009D2908 /* Production Release */ = {
			isa = XCBuildConfiguration;
			buildSettings = {
				ALWAYS_SEARCH_USER_PATHS = NO;
				CLANG_ANALYZER_NONNULL = YES;
				CLANG_ANALYZER_NUMBER_OBJECT_CONVERSION = YES_AGGRESSIVE;
				CLANG_CXX_LANGUAGE_STANDARD = "gnu++14";
				CLANG_CXX_LIBRARY = "libc++";
				CLANG_ENABLE_MODULES = YES;
				CLANG_ENABLE_OBJC_ARC = YES;
				CLANG_ENABLE_OBJC_WEAK = YES;
				CLANG_WARN_BLOCK_CAPTURE_AUTORELEASING = YES;
				CLANG_WARN_BOOL_CONVERSION = YES;
				CLANG_WARN_COMMA = YES;
				CLANG_WARN_CONSTANT_CONVERSION = YES;
				CLANG_WARN_DEPRECATED_OBJC_IMPLEMENTATIONS = YES;
				CLANG_WARN_DIRECT_OBJC_ISA_USAGE = YES_ERROR;
				CLANG_WARN_DOCUMENTATION_COMMENTS = YES;
				CLANG_WARN_EMPTY_BODY = YES;
				CLANG_WARN_ENUM_CONVERSION = YES;
				CLANG_WARN_INFINITE_RECURSION = YES;
				CLANG_WARN_INT_CONVERSION = YES;
				CLANG_WARN_NON_LITERAL_NULL_CONVERSION = YES;
				CLANG_WARN_OBJC_IMPLICIT_RETAIN_SELF = YES;
				CLANG_WARN_OBJC_LITERAL_CONVERSION = YES;
				CLANG_WARN_OBJC_ROOT_CLASS = YES_ERROR;
				CLANG_WARN_RANGE_LOOP_ANALYSIS = YES;
				CLANG_WARN_STRICT_PROTOTYPES = YES;
				CLANG_WARN_SUSPICIOUS_MOVE = YES;
				CLANG_WARN_UNGUARDED_AVAILABILITY = YES_AGGRESSIVE;
				CLANG_WARN_UNREACHABLE_CODE = YES;
				CLANG_WARN__DUPLICATE_METHOD_MATCH = YES;
				CODE_SIGN_IDENTITY = "iPhone Developer";
				COPY_PHASE_STRIP = NO;
				DEBUG_INFORMATION_FORMAT = "dwarf-with-dsym";
				ENABLE_NS_ASSERTIONS = NO;
				ENABLE_STRICT_OBJC_MSGSEND = YES;
				GCC_C_LANGUAGE_STANDARD = gnu11;
				GCC_NO_COMMON_BLOCKS = YES;
				GCC_WARN_64_TO_32_BIT_CONVERSION = YES;
				GCC_WARN_ABOUT_RETURN_TYPE = YES_ERROR;
				GCC_WARN_UNDECLARED_SELECTOR = YES;
				GCC_WARN_UNINITIALIZED_AUTOS = YES_AGGRESSIVE;
				GCC_WARN_UNUSED_FUNCTION = YES;
				GCC_WARN_UNUSED_VARIABLE = YES;
				IPHONEOS_DEPLOYMENT_TARGET = 11.3;
				MTL_ENABLE_DEBUG_INFO = NO;
				SDKROOT = iphoneos;
				VALIDATE_PRODUCT = YES;
			};
			name = "Production Release";
		};
		5AFD5CB620891CF0009D2908 /* Production Release */ = {
			isa = XCBuildConfiguration;
			buildSettings = {
				ASSETCATALOG_COMPILER_APPICON_NAME = AppIcon;
				CODE_SIGN_STYLE = Automatic;
				DEVELOPMENT_TEAM = F24RJGRDV9;
				INFOPLIST_FILE = "Portland Rose/Config/Info.plist";
				IPHONEOS_DEPLOYMENT_TARGET = 11;
				LD_RUNPATH_SEARCH_PATHS = (
					"$(inherited)",
					"@executable_path/Frameworks",
				);
				PRODUCT_BUNDLE_IDENTIFIER = "com.uselesscorporation.Portland-Rose";
				PRODUCT_NAME = "$(TARGET_NAME)";
				TARGETED_DEVICE_FAMILY = 1;
			};
			name = "Production Release";
		};
/* End XCBuildConfiguration section */

/* Begin XCConfigurationList section */
		5A445F0420729AAD009497B0 /* Build configuration list for PBXProject "Portland Rose" */ = {
			isa = XCConfigurationList;
			buildConfigurations = (
				5A445F1D20729AAF009497B0 /* Debug */,
				5AFD5CA920891C9E009D2908 /* Development Debug */,
				5AFD5CAB20891CB2009D2908 /* Staging Debug */,
				5AFD5CAF20891CD9009D2908 /* Production Debug */,
				5A445F1E20729AAF009497B0 /* Release */,
				5AFD5CB120891CE2009D2908 /* Development Release */,
				5AFD5CB320891CE8009D2908 /* Staging Release */,
				5AFD5CB520891CF0009D2908 /* Production Release */,
			);
			defaultConfigurationIsVisible = 0;
			defaultConfigurationName = Release;
		};
		5A445F1F20729AAF009497B0 /* Build configuration list for PBXNativeTarget "Portland Rose" */ = {
			isa = XCConfigurationList;
			buildConfigurations = (
				5A445F2020729AAF009497B0 /* Debug */,
				5AFD5CAA20891C9E009D2908 /* Development Debug */,
				5AFD5CAC20891CB2009D2908 /* Staging Debug */,
				5AFD5CB020891CD9009D2908 /* Production Debug */,
				5A445F2120729AAF009497B0 /* Release */,
				5AFD5CB220891CE2009D2908 /* Development Release */,
				5AFD5CB420891CE8009D2908 /* Staging Release */,
				5AFD5CB620891CF0009D2908 /* Production Release */,
			);
			defaultConfigurationIsVisible = 0;
			defaultConfigurationName = Release;
		};
/* End XCConfigurationList section */
	};
	rootObject = 5A445F0120729AAD009497B0 /* Project object */;
}
