// !$*UTF8*$!
{
	archiveVersion = 1;
	classes = {
	};
	objectVersion = 50;
	objects = {

/* Begin PBXBuildFile section */
		5A0DCCCE208038F6000FCAAC /* PORActivityCellDemoViewController.m in Sources */ = {isa = PBXBuildFile; fileRef = 5A0DCCCD208038F6000FCAAC /* PORActivityCellDemoViewController.m */; };
		5A0DCCD220803AFF000FCAAC /* PORActivityCellView.m in Sources */ = {isa = PBXBuildFile; fileRef = 5A0DCCD120803AFF000FCAAC /* PORActivityCellView.m */; };
		5A0DCCD420803BC1000FCAAC /* PORActivityCellView.xib in Resources */ = {isa = PBXBuildFile; fileRef = 5A0DCCD320803BC1000FCAAC /* PORActivityCellView.xib */; };
		5A0DCCD8208048A9000FCAAC /* PORLabeledIconView.m in Sources */ = {isa = PBXBuildFile; fileRef = 5A0DCCD7208048A9000FCAAC /* PORLabeledIconView.m */; };
		5A0DCCDA208048B8000FCAAC /* PORLabeledIconView.xib in Resources */ = {isa = PBXBuildFile; fileRef = 5A0DCCD9208048B8000FCAAC /* PORLabeledIconView.xib */; };
		5A445F0E20729AAE009497B0 /* AppDelegate.m in Sources */ = {isa = PBXBuildFile; fileRef = 5A445F0D20729AAE009497B0 /* AppDelegate.m */; };
		5A445F1120729AAE009497B0 /* ViewController.m in Sources */ = {isa = PBXBuildFile; fileRef = 5A445F1020729AAE009497B0 /* ViewController.m */; };
		5A445F1420729AAE009497B0 /* Main.storyboard in Resources */ = {isa = PBXBuildFile; fileRef = 5A445F1220729AAE009497B0 /* Main.storyboard */; };
		5A445F1620729AAF009497B0 /* Assets.xcassets in Resources */ = {isa = PBXBuildFile; fileRef = 5A445F1520729AAF009497B0 /* Assets.xcassets */; };
		5A445F1920729AAF009497B0 /* LaunchScreen.storyboard in Resources */ = {isa = PBXBuildFile; fileRef = 5A445F1720729AAF009497B0 /* LaunchScreen.storyboard */; };
		5A445F1C20729AAF009497B0 /* main.m in Sources */ = {isa = PBXBuildFile; fileRef = 5A445F1B20729AAF009497B0 /* main.m */; };
		5A445F292072B790009497B0 /* Demo.storyboard in Resources */ = {isa = PBXBuildFile; fileRef = 5A445F272072B790009497B0 /* Demo.storyboard */; };
		5A4ABF372072C36400349DBB /* PORDemosViewController.m in Sources */ = {isa = PBXBuildFile; fileRef = 5A4ABF362072C36400349DBB /* PORDemosViewController.m */; };
		5A54E723208139EE00C32356 /* PORActivity+Mocks.m in Sources */ = {isa = PBXBuildFile; fileRef = 5A54E722208139EE00C32356 /* PORActivity+Mocks.m */; };
		5A5676EB207E8710002656F8 /* PORItinerarySummaryView.m in Sources */ = {isa = PBXBuildFile; fileRef = 5A5676EA207E8710002656F8 /* PORItinerarySummaryView.m */; };
		5A5676F3207E87B8002656F8 /* PORItinerarySummaryView.xib in Resources */ = {isa = PBXBuildFile; fileRef = 5A5676F2207E87B8002656F8 /* PORItinerarySummaryView.xib */; };
		5A567700207EB46E002656F8 /* PORItinerarySummaryCellView.m in Sources */ = {isa = PBXBuildFile; fileRef = 5A5676FE207EB46E002656F8 /* PORItinerarySummaryCellView.m */; };
		5A5933012087D106003A1751 /* PORItineraryHeaderCellView.m in Sources */ = {isa = PBXBuildFile; fileRef = 5A5932FF2087D106003A1751 /* PORItineraryHeaderCellView.m */; };
		5A5933022087D106003A1751 /* PORItineraryHeaderCellView.xib in Resources */ = {isa = PBXBuildFile; fileRef = 5A5933002087D106003A1751 /* PORItineraryHeaderCellView.xib */; };
		5A5933062087D17F003A1751 /* PORItineraryHeaderCellDemoViewController.m in Sources */ = {isa = PBXBuildFile; fileRef = 5A5933052087D17F003A1751 /* PORItineraryHeaderCellDemoViewController.m */; };
		5A7B6B82207FB1A600C99AA0 /* PORItinerarySummaryDemoViewController.m in Sources */ = {isa = PBXBuildFile; fileRef = 5A7B6B81207FB1A600C99AA0 /* PORItinerarySummaryDemoViewController.m */; };
		5A7B6B86207FD67700C99AA0 /* PORLocation.m in Sources */ = {isa = PBXBuildFile; fileRef = 5A7B6B85207FD67700C99AA0 /* PORLocation.m */; };
		5A7B6B89207FD77200C99AA0 /* PORItinerary.m in Sources */ = {isa = PBXBuildFile; fileRef = 5A7B6B88207FD77200C99AA0 /* PORItinerary.m */; };
		5A7B6B8C207FD88E00C99AA0 /* PORBadge.m in Sources */ = {isa = PBXBuildFile; fileRef = 5A7B6B8B207FD88E00C99AA0 /* PORBadge.m */; };
		5A7B6B96207FEF6A00C99AA0 /* PORItinerary+Mocks.m in Sources */ = {isa = PBXBuildFile; fileRef = 5A7B6B95207FEF6A00C99AA0 /* PORItinerary+Mocks.m */; };
		5A7B6B9C207FF67E00C99AA0 /* PORBadge+Mocks.m in Sources */ = {isa = PBXBuildFile; fileRef = 5A7B6B9B207FF67E00C99AA0 /* PORBadge+Mocks.m */; };
		5A7B6B9F207FF6E700C99AA0 /* NSString+Random.m in Sources */ = {isa = PBXBuildFile; fileRef = 5A7B6B9E207FF6E700C99AA0 /* NSString+Random.m */; };
		5A7B6BA3207FF9C100C99AA0 /* NSNumber+Random.m in Sources */ = {isa = PBXBuildFile; fileRef = 5A7B6BA2207FF9C100C99AA0 /* NSNumber+Random.m */; };
		5A7D9A312077FCA300EF6D73 /* DemoAssets.xcassets in Resources */ = {isa = PBXBuildFile; fileRef = 5A7D9A302077FCA300EF6D73 /* DemoAssets.xcassets */; };
		5A7D9A342077FFE300EF6D73 /* PORImageCardView.xib in Resources */ = {isa = PBXBuildFile; fileRef = 5A7D9A332077FFE300EF6D73 /* PORImageCardView.xib */; };
		5A7D9A372077FFF800EF6D73 /* PORImageCardView.m in Sources */ = {isa = PBXBuildFile; fileRef = 5A7D9A362077FFF800EF6D73 /* PORImageCardView.m */; };
		5A9333BF207D690B003F7217 /* PORActivity.m in Sources */ = {isa = PBXBuildFile; fileRef = 5A9333BE207D690B003F7217 /* PORActivity.m */; };
		5AA9491A2075589B00060FE8 /* PORTabBarController.m in Sources */ = {isa = PBXBuildFile; fileRef = 5AA949182075589B00060FE8 /* PORTabBarController.m */; };
		5AA9491E20755A6000060FE8 /* PORTabBarView.m in Sources */ = {isa = PBXBuildFile; fileRef = 5AA9491D20755A6000060FE8 /* PORTabBarView.m */; };
		5AA9492020755A6D00060FE8 /* PORTabBarView.xib in Resources */ = {isa = PBXBuildFile; fileRef = 5AA9491F20755A6D00060FE8 /* PORTabBarView.xib */; };
		5AB7EAF92087F7D10087B7DB /* PORImageCarouselView.m in Sources */ = {isa = PBXBuildFile; fileRef = 5AB7EAF82087F7D10087B7DB /* PORImageCarouselView.m */; };
		5AB7EAFB2087F82C0087B7DB /* PORImageCarouselView.xib in Resources */ = {isa = PBXBuildFile; fileRef = 5AB7EAFA2087F82C0087B7DB /* PORImageCarouselView.xib */; };
		5AC2A8FC207BEB65003B2AD5 /* PORImageCarouselDemoViewController.m in Sources */ = {isa = PBXBuildFile; fileRef = 5AC2A8FB207BEB65003B2AD5 /* PORImageCarouselDemoViewController.m */; };
		5AD02B0C207D3FB800E48C9B /* PORFloatingActionButtonView.m in Sources */ = {isa = PBXBuildFile; fileRef = 5AD02B09207D3FB800E48C9B /* PORFloatingActionButtonView.m */; };
		5AF738C82073D41B00B8E75C /* UIColor+Hex.m in Sources */ = {isa = PBXBuildFile; fileRef = 5AF738C72073D41B00B8E75C /* UIColor+Hex.m */; };
		5AF738CB2073D7CB00B8E75C /* PORPaletteDemoViewController.m in Sources */ = {isa = PBXBuildFile; fileRef = 5AF738CA2073D7CB00B8E75C /* PORPaletteDemoViewController.m */; };
		5AF738CE2073D8E100B8E75C /* PORPalette.m in Sources */ = {isa = PBXBuildFile; fileRef = 5AF738CD2073D8E100B8E75C /* PORPalette.m */; };
		5AF738D12073FB1100B8E75C /* PORTypeLibrary.m in Sources */ = {isa = PBXBuildFile; fileRef = 5AF738D02073FB1100B8E75C /* PORTypeLibrary.m */; };
		5AF738D32073FD6700B8E75C /* PORTypeLibraryDemoViewController.m in Sources */ = {isa = PBXBuildFile; fileRef = 5AF738D22073FD6700B8E75C /* PORTypeLibraryDemoViewController.m */; };
		5AF738D9207408EC00B8E75C /* PORActionButtonView.xib in Resources */ = {isa = PBXBuildFile; fileRef = 5AF738D8207408EC00B8E75C /* PORActionButtonView.xib */; };
		5AF738DC207408F600B8E75C /* PORActionButtonView.m in Sources */ = {isa = PBXBuildFile; fileRef = 5AF738DB207408F600B8E75C /* PORActionButtonView.m */; };
		5AF738DF20740F0B00B8E75C /* PORActionButtonDemoViewController.m in Sources */ = {isa = PBXBuildFile; fileRef = 5AF738DE20740F0B00B8E75C /* PORActionButtonDemoViewController.m */; };
		5AFD5CA820890C6C009D2908 /* PORNavigationController.m in Sources */ = {isa = PBXBuildFile; fileRef = 5AFD5CA720890C6C009D2908 /* PORNavigationController.m */; };
/* End PBXBuildFile section */

/* Begin PBXFileReference section */
		5A0DCCCC208038F6000FCAAC /* PORActivityCellDemoViewController.h */ = {isa = PBXFileReference; lastKnownFileType = sourcecode.c.h; path = PORActivityCellDemoViewController.h; sourceTree = "<group>"; };
		5A0DCCCD208038F6000FCAAC /* PORActivityCellDemoViewController.m */ = {isa = PBXFileReference; lastKnownFileType = sourcecode.c.objc; path = PORActivityCellDemoViewController.m; sourceTree = "<group>"; };
		5A0DCCD020803AFF000FCAAC /* PORActivityCellView.h */ = {isa = PBXFileReference; lastKnownFileType = sourcecode.c.h; path = PORActivityCellView.h; sourceTree = "<group>"; };
		5A0DCCD120803AFF000FCAAC /* PORActivityCellView.m */ = {isa = PBXFileReference; lastKnownFileType = sourcecode.c.objc; path = PORActivityCellView.m; sourceTree = "<group>"; };
		5A0DCCD320803BC1000FCAAC /* PORActivityCellView.xib */ = {isa = PBXFileReference; lastKnownFileType = file.xib; path = PORActivityCellView.xib; sourceTree = "<group>"; };
		5A0DCCD6208048A9000FCAAC /* PORLabeledIconView.h */ = {isa = PBXFileReference; lastKnownFileType = sourcecode.c.h; path = PORLabeledIconView.h; sourceTree = "<group>"; };
		5A0DCCD7208048A9000FCAAC /* PORLabeledIconView.m */ = {isa = PBXFileReference; lastKnownFileType = sourcecode.c.objc; path = PORLabeledIconView.m; sourceTree = "<group>"; };
		5A0DCCD9208048B8000FCAAC /* PORLabeledIconView.xib */ = {isa = PBXFileReference; lastKnownFileType = file.xib; path = PORLabeledIconView.xib; sourceTree = "<group>"; };
		5A445F0920729AAE009497B0 /* Portland Rose.app */ = {isa = PBXFileReference; explicitFileType = wrapper.application; includeInIndex = 0; path = "Portland Rose.app"; sourceTree = BUILT_PRODUCTS_DIR; };
		5A445F0C20729AAE009497B0 /* AppDelegate.h */ = {isa = PBXFileReference; lastKnownFileType = sourcecode.c.h; path = AppDelegate.h; sourceTree = "<group>"; };
		5A445F0D20729AAE009497B0 /* AppDelegate.m */ = {isa = PBXFileReference; lastKnownFileType = sourcecode.c.objc; path = AppDelegate.m; sourceTree = "<group>"; };
		5A445F0F20729AAE009497B0 /* ViewController.h */ = {isa = PBXFileReference; lastKnownFileType = sourcecode.c.h; path = ViewController.h; sourceTree = "<group>"; };
		5A445F1020729AAE009497B0 /* ViewController.m */ = {isa = PBXFileReference; lastKnownFileType = sourcecode.c.objc; path = ViewController.m; sourceTree = "<group>"; };
		5A445F1320729AAE009497B0 /* Base */ = {isa = PBXFileReference; lastKnownFileType = file.storyboard; name = Base; path = Base.lproj/Main.storyboard; sourceTree = "<group>"; };
		5A445F1520729AAF009497B0 /* Assets.xcassets */ = {isa = PBXFileReference; lastKnownFileType = folder.assetcatalog; path = Assets.xcassets; sourceTree = "<group>"; };
		5A445F1820729AAF009497B0 /* Base */ = {isa = PBXFileReference; lastKnownFileType = file.storyboard; name = Base; path = Base.lproj/LaunchScreen.storyboard; sourceTree = "<group>"; };
		5A445F1A20729AAF009497B0 /* Info.plist */ = {isa = PBXFileReference; lastKnownFileType = text.plist.xml; path = Info.plist; sourceTree = "<group>"; };
		5A445F1B20729AAF009497B0 /* main.m */ = {isa = PBXFileReference; lastKnownFileType = sourcecode.c.objc; path = main.m; sourceTree = "<group>"; };
		5A445F282072B790009497B0 /* Base */ = {isa = PBXFileReference; lastKnownFileType = file.storyboard; name = Base; path = Base.lproj/Demo.storyboard; sourceTree = "<group>"; };
		5A4ABF352072C36400349DBB /* PORDemosViewController.h */ = {isa = PBXFileReference; lastKnownFileType = sourcecode.c.h; name = PORDemosViewController.h; path = "Portland Rose/Demo/PORDemosViewController.h"; sourceTree = SOURCE_ROOT; };
		5A4ABF362072C36400349DBB /* PORDemosViewController.m */ = {isa = PBXFileReference; lastKnownFileType = sourcecode.c.objc; name = PORDemosViewController.m; path = "Portland Rose/Demo/PORDemosViewController.m"; sourceTree = SOURCE_ROOT; };
		5A54E721208139EE00C32356 /* PORActivity+Mocks.h */ = {isa = PBXFileReference; lastKnownFileType = sourcecode.c.h; path = "PORActivity+Mocks.h"; sourceTree = "<group>"; };
		5A54E722208139EE00C32356 /* PORActivity+Mocks.m */ = {isa = PBXFileReference; lastKnownFileType = sourcecode.c.objc; path = "PORActivity+Mocks.m"; sourceTree = "<group>"; };
		5A5676E9207E8710002656F8 /* PORItinerarySummaryView.h */ = {isa = PBXFileReference; lastKnownFileType = sourcecode.c.h; path = PORItinerarySummaryView.h; sourceTree = "<group>"; };
		5A5676EA207E8710002656F8 /* PORItinerarySummaryView.m */ = {isa = PBXFileReference; lastKnownFileType = sourcecode.c.objc; path = PORItinerarySummaryView.m; sourceTree = "<group>"; };
		5A5676F2207E87B8002656F8 /* PORItinerarySummaryView.xib */ = {isa = PBXFileReference; lastKnownFileType = file.xib; path = PORItinerarySummaryView.xib; sourceTree = "<group>"; };
		5A5676FE207EB46E002656F8 /* PORItinerarySummaryCellView.m */ = {isa = PBXFileReference; fileEncoding = 4; lastKnownFileType = sourcecode.c.objc; path = PORItinerarySummaryCellView.m; sourceTree = "<group>"; };
		5A5676FF207EB46E002656F8 /* PORItinerarySummaryCellView.h */ = {isa = PBXFileReference; fileEncoding = 4; lastKnownFileType = sourcecode.c.h; path = PORItinerarySummaryCellView.h; sourceTree = "<group>"; };
		5A5932FE2087D106003A1751 /* PORItineraryHeaderCellView.h */ = {isa = PBXFileReference; lastKnownFileType = sourcecode.c.h; path = PORItineraryHeaderCellView.h; sourceTree = "<group>"; };
		5A5932FF2087D106003A1751 /* PORItineraryHeaderCellView.m */ = {isa = PBXFileReference; lastKnownFileType = sourcecode.c.objc; path = PORItineraryHeaderCellView.m; sourceTree = "<group>"; };
		5A5933002087D106003A1751 /* PORItineraryHeaderCellView.xib */ = {isa = PBXFileReference; lastKnownFileType = file.xib; path = PORItineraryHeaderCellView.xib; sourceTree = "<group>"; };
		5A5933042087D17F003A1751 /* PORItineraryHeaderCellDemoViewController.h */ = {isa = PBXFileReference; lastKnownFileType = sourcecode.c.h; path = PORItineraryHeaderCellDemoViewController.h; sourceTree = "<group>"; };
		5A5933052087D17F003A1751 /* PORItineraryHeaderCellDemoViewController.m */ = {isa = PBXFileReference; lastKnownFileType = sourcecode.c.objc; path = PORItineraryHeaderCellDemoViewController.m; sourceTree = "<group>"; };
		5A7B6B80207FB1A600C99AA0 /* PORItinerarySummaryDemoViewController.h */ = {isa = PBXFileReference; lastKnownFileType = sourcecode.c.h; path = PORItinerarySummaryDemoViewController.h; sourceTree = "<group>"; };
		5A7B6B81207FB1A600C99AA0 /* PORItinerarySummaryDemoViewController.m */ = {isa = PBXFileReference; lastKnownFileType = sourcecode.c.objc; path = PORItinerarySummaryDemoViewController.m; sourceTree = "<group>"; };
		5A7B6B84207FD67700C99AA0 /* PORLocation.h */ = {isa = PBXFileReference; lastKnownFileType = sourcecode.c.h; path = PORLocation.h; sourceTree = "<group>"; };
		5A7B6B85207FD67700C99AA0 /* PORLocation.m */ = {isa = PBXFileReference; lastKnownFileType = sourcecode.c.objc; path = PORLocation.m; sourceTree = "<group>"; };
		5A7B6B87207FD77200C99AA0 /* PORItinerary.h */ = {isa = PBXFileReference; lastKnownFileType = sourcecode.c.h; path = PORItinerary.h; sourceTree = "<group>"; };
		5A7B6B88207FD77200C99AA0 /* PORItinerary.m */ = {isa = PBXFileReference; lastKnownFileType = sourcecode.c.objc; path = PORItinerary.m; sourceTree = "<group>"; };
		5A7B6B8A207FD88E00C99AA0 /* PORBadge.h */ = {isa = PBXFileReference; lastKnownFileType = sourcecode.c.h; path = PORBadge.h; sourceTree = "<group>"; };
		5A7B6B8B207FD88E00C99AA0 /* PORBadge.m */ = {isa = PBXFileReference; lastKnownFileType = sourcecode.c.objc; path = PORBadge.m; sourceTree = "<group>"; };
		5A7B6B94207FEF6A00C99AA0 /* PORItinerary+Mocks.h */ = {isa = PBXFileReference; lastKnownFileType = sourcecode.c.h; path = "PORItinerary+Mocks.h"; sourceTree = "<group>"; };
		5A7B6B95207FEF6A00C99AA0 /* PORItinerary+Mocks.m */ = {isa = PBXFileReference; lastKnownFileType = sourcecode.c.objc; path = "PORItinerary+Mocks.m"; sourceTree = "<group>"; };
		5A7B6B9A207FF67E00C99AA0 /* PORBadge+Mocks.h */ = {isa = PBXFileReference; lastKnownFileType = sourcecode.c.h; path = "PORBadge+Mocks.h"; sourceTree = "<group>"; };
		5A7B6B9B207FF67E00C99AA0 /* PORBadge+Mocks.m */ = {isa = PBXFileReference; lastKnownFileType = sourcecode.c.objc; path = "PORBadge+Mocks.m"; sourceTree = "<group>"; };
		5A7B6B9D207FF6E700C99AA0 /* NSString+Random.h */ = {isa = PBXFileReference; lastKnownFileType = sourcecode.c.h; path = "NSString+Random.h"; sourceTree = "<group>"; };
		5A7B6B9E207FF6E700C99AA0 /* NSString+Random.m */ = {isa = PBXFileReference; lastKnownFileType = sourcecode.c.objc; path = "NSString+Random.m"; sourceTree = "<group>"; };
		5A7B6BA1207FF9C100C99AA0 /* NSNumber+Random.h */ = {isa = PBXFileReference; lastKnownFileType = sourcecode.c.h; path = "NSNumber+Random.h"; sourceTree = "<group>"; };
		5A7B6BA2207FF9C100C99AA0 /* NSNumber+Random.m */ = {isa = PBXFileReference; lastKnownFileType = sourcecode.c.objc; path = "NSNumber+Random.m"; sourceTree = "<group>"; };
		5A7D9A302077FCA300EF6D73 /* DemoAssets.xcassets */ = {isa = PBXFileReference; lastKnownFileType = folder.assetcatalog; path = DemoAssets.xcassets; sourceTree = "<group>"; };
		5A7D9A332077FFE300EF6D73 /* PORImageCardView.xib */ = {isa = PBXFileReference; lastKnownFileType = file.xib; path = PORImageCardView.xib; sourceTree = "<group>"; };
		5A7D9A352077FFF800EF6D73 /* PORImageCardView.h */ = {isa = PBXFileReference; lastKnownFileType = sourcecode.c.h; path = PORImageCardView.h; sourceTree = "<group>"; };
		5A7D9A362077FFF800EF6D73 /* PORImageCardView.m */ = {isa = PBXFileReference; lastKnownFileType = sourcecode.c.objc; path = PORImageCardView.m; sourceTree = "<group>"; };
		5A9333BD207D690B003F7217 /* PORActivity.h */ = {isa = PBXFileReference; lastKnownFileType = sourcecode.c.h; path = PORActivity.h; sourceTree = "<group>"; };
		5A9333BE207D690B003F7217 /* PORActivity.m */ = {isa = PBXFileReference; lastKnownFileType = sourcecode.c.objc; path = PORActivity.m; sourceTree = "<group>"; };
		5AA949172075589B00060FE8 /* PORTabBarController.h */ = {isa = PBXFileReference; lastKnownFileType = sourcecode.c.h; path = PORTabBarController.h; sourceTree = "<group>"; };
		5AA949182075589B00060FE8 /* PORTabBarController.m */ = {isa = PBXFileReference; lastKnownFileType = sourcecode.c.objc; path = PORTabBarController.m; sourceTree = "<group>"; };
		5AA9491C20755A6000060FE8 /* PORTabBarView.h */ = {isa = PBXFileReference; lastKnownFileType = sourcecode.c.h; path = PORTabBarView.h; sourceTree = "<group>"; };
		5AA9491D20755A6000060FE8 /* PORTabBarView.m */ = {isa = PBXFileReference; lastKnownFileType = sourcecode.c.objc; path = PORTabBarView.m; sourceTree = "<group>"; };
		5AA9491F20755A6D00060FE8 /* PORTabBarView.xib */ = {isa = PBXFileReference; lastKnownFileType = file.xib; path = PORTabBarView.xib; sourceTree = "<group>"; };
		5AB7EAF72087F7D10087B7DB /* PORImageCarouselView.h */ = {isa = PBXFileReference; lastKnownFileType = sourcecode.c.h; path = PORImageCarouselView.h; sourceTree = "<group>"; };
		5AB7EAF82087F7D10087B7DB /* PORImageCarouselView.m */ = {isa = PBXFileReference; lastKnownFileType = sourcecode.c.objc; path = PORImageCarouselView.m; sourceTree = "<group>"; };
		5AB7EAFA2087F82C0087B7DB /* PORImageCarouselView.xib */ = {isa = PBXFileReference; lastKnownFileType = file.xib; path = PORImageCarouselView.xib; sourceTree = "<group>"; };
		5AC2A8FA207BEB65003B2AD5 /* PORImageCarouselDemoViewController.h */ = {isa = PBXFileReference; lastKnownFileType = sourcecode.c.h; path = PORImageCarouselDemoViewController.h; sourceTree = "<group>"; };
		5AC2A8FB207BEB65003B2AD5 /* PORImageCarouselDemoViewController.m */ = {isa = PBXFileReference; lastKnownFileType = sourcecode.c.objc; path = PORImageCarouselDemoViewController.m; sourceTree = "<group>"; };
		5AD02B09207D3FB800E48C9B /* PORFloatingActionButtonView.m */ = {isa = PBXFileReference; fileEncoding = 4; lastKnownFileType = sourcecode.c.objc; path = PORFloatingActionButtonView.m; sourceTree = "<group>"; };
		5AD02B0B207D3FB800E48C9B /* PORFloatingActionButtonView.h */ = {isa = PBXFileReference; fileEncoding = 4; lastKnownFileType = sourcecode.c.h; path = PORFloatingActionButtonView.h; sourceTree = "<group>"; };
		5AF738C62073D41B00B8E75C /* UIColor+Hex.h */ = {isa = PBXFileReference; lastKnownFileType = sourcecode.c.h; path = "UIColor+Hex.h"; sourceTree = "<group>"; };
		5AF738C72073D41B00B8E75C /* UIColor+Hex.m */ = {isa = PBXFileReference; lastKnownFileType = sourcecode.c.objc; path = "UIColor+Hex.m"; sourceTree = "<group>"; };
		5AF738C92073D7CB00B8E75C /* PORPaletteDemoViewController.h */ = {isa = PBXFileReference; lastKnownFileType = sourcecode.c.h; path = PORPaletteDemoViewController.h; sourceTree = "<group>"; };
		5AF738CA2073D7CB00B8E75C /* PORPaletteDemoViewController.m */ = {isa = PBXFileReference; lastKnownFileType = sourcecode.c.objc; path = PORPaletteDemoViewController.m; sourceTree = "<group>"; };
		5AF738CC2073D8E100B8E75C /* PORPalette.h */ = {isa = PBXFileReference; lastKnownFileType = sourcecode.c.h; path = PORPalette.h; sourceTree = "<group>"; };
		5AF738CD2073D8E100B8E75C /* PORPalette.m */ = {isa = PBXFileReference; lastKnownFileType = sourcecode.c.objc; path = PORPalette.m; sourceTree = "<group>"; };
		5AF738CF2073FB1100B8E75C /* PORTypeLibrary.h */ = {isa = PBXFileReference; lastKnownFileType = sourcecode.c.h; path = PORTypeLibrary.h; sourceTree = "<group>"; };
		5AF738D02073FB1100B8E75C /* PORTypeLibrary.m */ = {isa = PBXFileReference; lastKnownFileType = sourcecode.c.objc; path = PORTypeLibrary.m; sourceTree = "<group>"; };
		5AF738D22073FD6700B8E75C /* PORTypeLibraryDemoViewController.m */ = {isa = PBXFileReference; fileEncoding = 4; lastKnownFileType = sourcecode.c.objc; path = PORTypeLibraryDemoViewController.m; sourceTree = "<group>"; };
		5AF738D42073FD6E00B8E75C /* PORTypeLibraryDemoViewController.h */ = {isa = PBXFileReference; fileEncoding = 4; lastKnownFileType = sourcecode.c.h; path = PORTypeLibraryDemoViewController.h; sourceTree = "<group>"; };
		5AF738D8207408EC00B8E75C /* PORActionButtonView.xib */ = {isa = PBXFileReference; lastKnownFileType = file.xib; path = PORActionButtonView.xib; sourceTree = "<group>"; };
		5AF738DA207408F600B8E75C /* PORActionButtonView.h */ = {isa = PBXFileReference; lastKnownFileType = sourcecode.c.h; path = PORActionButtonView.h; sourceTree = "<group>"; };
		5AF738DB207408F600B8E75C /* PORActionButtonView.m */ = {isa = PBXFileReference; lastKnownFileType = sourcecode.c.objc; path = PORActionButtonView.m; sourceTree = "<group>"; };
		5AF738DD20740F0B00B8E75C /* PORActionButtonDemoViewController.h */ = {isa = PBXFileReference; lastKnownFileType = sourcecode.c.h; name = PORActionButtonDemoViewController.h; path = "Portland Rose/Demo/Views/ActionButton/PORActionButtonDemoViewController.h"; sourceTree = SOURCE_ROOT; };
		5AF738DE20740F0B00B8E75C /* PORActionButtonDemoViewController.m */ = {isa = PBXFileReference; lastKnownFileType = sourcecode.c.objc; name = PORActionButtonDemoViewController.m; path = "Portland Rose/Demo/Views/ActionButton/PORActionButtonDemoViewController.m"; sourceTree = SOURCE_ROOT; };
		5AFD5CA620890C6C009D2908 /* PORNavigationController.h */ = {isa = PBXFileReference; lastKnownFileType = sourcecode.c.h; path = PORNavigationController.h; sourceTree = "<group>"; };
		5AFD5CA720890C6C009D2908 /* PORNavigationController.m */ = {isa = PBXFileReference; lastKnownFileType = sourcecode.c.objc; path = PORNavigationController.m; sourceTree = "<group>"; };
/* End PBXFileReference section */

/* Begin PBXFrameworksBuildPhase section */
		5A445F0620729AAE009497B0 /* Frameworks */ = {
			isa = PBXFrameworksBuildPhase;
			buildActionMask = 2147483647;
			files = (
			);
			runOnlyForDeploymentPostprocessing = 0;
		};
/* End PBXFrameworksBuildPhase section */

/* Begin PBXGroup section */
		5A0DCCCB208038D0000FCAAC /* ActivityCell */ = {
			isa = PBXGroup;
			children = (
				5A0DCCCC208038F6000FCAAC /* PORActivityCellDemoViewController.h */,
				5A0DCCCD208038F6000FCAAC /* PORActivityCellDemoViewController.m */,
			);
			path = ActivityCell;
			sourceTree = "<group>";
		};
		5A0DCCCF208039EB000FCAAC /* ActivityCellView */ = {
			isa = PBXGroup;
			children = (
				5A0DCCD020803AFF000FCAAC /* PORActivityCellView.h */,
				5A0DCCD120803AFF000FCAAC /* PORActivityCellView.m */,
				5A0DCCD320803BC1000FCAAC /* PORActivityCellView.xib */,
			);
			path = ActivityCellView;
			sourceTree = "<group>";
		};
		5A0DCCD52080485E000FCAAC /* LabeledIconView */ = {
			isa = PBXGroup;
			children = (
				5A0DCCD6208048A9000FCAAC /* PORLabeledIconView.h */,
				5A0DCCD7208048A9000FCAAC /* PORLabeledIconView.m */,
				5A0DCCD9208048B8000FCAAC /* PORLabeledIconView.xib */,
			);
			path = LabeledIconView;
			sourceTree = "<group>";
		};
		5A3A99FB2076A6FB00191EEF /* ActionButtonView */ = {
			isa = PBXGroup;
			children = (
				5AF738DA207408F600B8E75C /* PORActionButtonView.h */,
				5AF738DB207408F600B8E75C /* PORActionButtonView.m */,
				5AF738D8207408EC00B8E75C /* PORActionButtonView.xib */,
			);
			path = ActionButtonView;
			sourceTree = "<group>";
		};
		5A3A99FC2076A70900191EEF /* TabBarView */ = {
			isa = PBXGroup;
			children = (
				5AA9491C20755A6000060FE8 /* PORTabBarView.h */,
				5AA9491D20755A6000060FE8 /* PORTabBarView.m */,
				5AA9491F20755A6D00060FE8 /* PORTabBarView.xib */,
			);
			path = TabBarView;
			sourceTree = "<group>";
		};
		5A3A99FD2076A87500191EEF /* Config */ = {
			isa = PBXGroup;
			children = (
				5A445F1A20729AAF009497B0 /* Info.plist */,
			);
			path = Config;
			sourceTree = "<group>";
		};
		5A445F0020729AAD009497B0 = {
			isa = PBXGroup;
			children = (
				5A445F0B20729AAE009497B0 /* Portland Rose */,
				5A445F0A20729AAE009497B0 /* Products */,
			);
			sourceTree = "<group>";
		};
		5A445F0A20729AAE009497B0 /* Products */ = {
			isa = PBXGroup;
			children = (
				5A445F0920729AAE009497B0 /* Portland Rose.app */,
			);
			name = Products;
			sourceTree = "<group>";
		};
		5A445F0B20729AAE009497B0 /* Portland Rose */ = {
			isa = PBXGroup;
			children = (
				5A445F2620729F48009497B0 /* App */,
				5A445F2A2072B7A7009497B0 /* Demo */,
				5A3A99FD2076A87500191EEF /* Config */,
			);
			path = "Portland Rose";
			sourceTree = "<group>";
		};
		5A445F2320729F1E009497B0 /* Controllers */ = {
			isa = PBXGroup;
			children = (
				5AFD5CA520890C4F009D2908 /* NavigationController */,
				5AFD5CA420890C31009D2908 /* TabBarController */,
				5A445F0F20729AAE009497B0 /* ViewController.h */,
				5A445F1020729AAE009497B0 /* ViewController.m */,
			);
			path = Controllers;
			sourceTree = "<group>";
		};
		5A445F2420729F25009497B0 /* Views */ = {
			isa = PBXGroup;
			children = (
				5A3A99FB2076A6FB00191EEF /* ActionButtonView */,
				5A0DCCCF208039EB000FCAAC /* ActivityCellView */,
				5AD02B08207D3FB800E48C9B /* FloatingActionButtonView */,
				5A7D9A322077FFB100EF6D73 /* ImageCardView */,
				5AB7EAF62087F7B70087B7DB /* ImageCarouselView */,
				5A5932FD2087D0DA003A1751 /* ItineraryHeaderCellView */,
				5A5676EC207E8721002656F8 /* ItinerarySummaryView */,
				5A5676FD207EB46E002656F8 /* ItinerarySummaryCellView */,
				5A0DCCD52080485E000FCAAC /* LabeledIconView */,
				5A3A99FC2076A70900191EEF /* TabBarView */,
				5A445F1720729AAF009497B0 /* LaunchScreen.storyboard */,
			);
			path = Views;
			sourceTree = "<group>";
		};
		5A445F2520729F2E009497B0 /* Models */ = {
			isa = PBXGroup;
			children = (
				5A9333BD207D690B003F7217 /* PORActivity.h */,
				5A9333BE207D690B003F7217 /* PORActivity.m */,
				5A7B6B8A207FD88E00C99AA0 /* PORBadge.h */,
				5A7B6B8B207FD88E00C99AA0 /* PORBadge.m */,
				5A7B6B87207FD77200C99AA0 /* PORItinerary.h */,
				5A7B6B88207FD77200C99AA0 /* PORItinerary.m */,
				5A7B6B84207FD67700C99AA0 /* PORLocation.h */,
				5A7B6B85207FD67700C99AA0 /* PORLocation.m */,
			);
			path = Models;
			sourceTree = "<group>";
		};
		5A445F2620729F48009497B0 /* App */ = {
			isa = PBXGroup;
			children = (
				5A445F1520729AAF009497B0 /* Assets.xcassets */,
				5A445F2320729F1E009497B0 /* Controllers */,
				5AF738C52073D3E400B8E75C /* Helpers */,
				5A445F2520729F2E009497B0 /* Models */,
				5A445F2420729F25009497B0 /* Views */,
				5A445F0C20729AAE009497B0 /* AppDelegate.h */,
				5A445F0D20729AAE009497B0 /* AppDelegate.m */,
				5A445F1B20729AAF009497B0 /* main.m */,
				5A445F1220729AAE009497B0 /* Main.storyboard */,
			);
			path = App;
			sourceTree = "<group>";
		};
		5A445F2A2072B7A7009497B0 /* Demo */ = {
			isa = PBXGroup;
			children = (
				5A7D9A302077FCA300EF6D73 /* DemoAssets.xcassets */,
				5A7B6BA0207FF70E00C99AA0 /* Mocks */,
				5AF738E120740F3000B8E75C /* Models */,
				5A7B6B90207FEE9B00C99AA0 /* Helpers */,
				5AF738E020740F2100B8E75C /* Views */,
				5A445F272072B790009497B0 /* Demo.storyboard */,
				5A4ABF352072C36400349DBB /* PORDemosViewController.h */,
				5A4ABF362072C36400349DBB /* PORDemosViewController.m */,
			);
			path = Demo;
			sourceTree = "<group>";
		};
		5A5676EC207E8721002656F8 /* ItinerarySummaryView */ = {
			isa = PBXGroup;
			children = (
				5A5676F2207E87B8002656F8 /* PORItinerarySummaryView.xib */,
				5A5676E9207E8710002656F8 /* PORItinerarySummaryView.h */,
				5A5676EA207E8710002656F8 /* PORItinerarySummaryView.m */,
			);
			path = ItinerarySummaryView;
			sourceTree = "<group>";
		};
		5A5676FD207EB46E002656F8 /* ItinerarySummaryCellView */ = {
			isa = PBXGroup;
			children = (
				5A5676FF207EB46E002656F8 /* PORItinerarySummaryCellView.h */,
				5A5676FE207EB46E002656F8 /* PORItinerarySummaryCellView.m */,
			);
			path = ItinerarySummaryCellView;
			sourceTree = "<group>";
		};
		5A5932FD2087D0DA003A1751 /* ItineraryHeaderCellView */ = {
			isa = PBXGroup;
			children = (
				5A5932FE2087D106003A1751 /* PORItineraryHeaderCellView.h */,
				5A5932FF2087D106003A1751 /* PORItineraryHeaderCellView.m */,
				5A5933002087D106003A1751 /* PORItineraryHeaderCellView.xib */,
			);
			path = ItineraryHeaderCellView;
			sourceTree = "<group>";
		};
		5A5933032087D14D003A1751 /* ItineraryHeaderCell */ = {
			isa = PBXGroup;
			children = (
				5A5933042087D17F003A1751 /* PORItineraryHeaderCellDemoViewController.h */,
				5A5933052087D17F003A1751 /* PORItineraryHeaderCellDemoViewController.m */,
			);
			path = ItineraryHeaderCell;
			sourceTree = "<group>";
		};
		5A7B6B83207FB1B600C99AA0 /* ItinerarySummary */ = {
			isa = PBXGroup;
			children = (
				5A7B6B80207FB1A600C99AA0 /* PORItinerarySummaryDemoViewController.h */,
				5A7B6B81207FB1A600C99AA0 /* PORItinerarySummaryDemoViewController.m */,
			);
			path = ItinerarySummary;
			sourceTree = "<group>";
		};
		5A7B6B90207FEE9B00C99AA0 /* Helpers */ = {
			isa = PBXGroup;
			children = (
				5A7B6B9D207FF6E700C99AA0 /* NSString+Random.h */,
				5A7B6B9E207FF6E700C99AA0 /* NSString+Random.m */,
				5A7B6BA1207FF9C100C99AA0 /* NSNumber+Random.h */,
				5A7B6BA2207FF9C100C99AA0 /* NSNumber+Random.m */,
			);
			path = Helpers;
			sourceTree = "<group>";
		};
		5A7B6BA0207FF70E00C99AA0 /* Mocks */ = {
			isa = PBXGroup;
			children = (
				5A54E721208139EE00C32356 /* PORActivity+Mocks.h */,
				5A54E722208139EE00C32356 /* PORActivity+Mocks.m */,
				5A7B6B9A207FF67E00C99AA0 /* PORBadge+Mocks.h */,
				5A7B6B9B207FF67E00C99AA0 /* PORBadge+Mocks.m */,
				5A7B6B94207FEF6A00C99AA0 /* PORItinerary+Mocks.h */,
				5A7B6B95207FEF6A00C99AA0 /* PORItinerary+Mocks.m */,
			);
			path = Mocks;
			sourceTree = "<group>";
		};
		5A7D9A322077FFB100EF6D73 /* ImageCardView */ = {
			isa = PBXGroup;
			children = (
				5A7D9A352077FFF800EF6D73 /* PORImageCardView.h */,
				5A7D9A362077FFF800EF6D73 /* PORImageCardView.m */,
				5A7D9A332077FFE300EF6D73 /* PORImageCardView.xib */,
			);
			path = ImageCardView;
			sourceTree = "<group>";
		};
		5AB7EAF62087F7B70087B7DB /* ImageCarouselView */ = {
			isa = PBXGroup;
			children = (
				5AB7EAF72087F7D10087B7DB /* PORImageCarouselView.h */,
				5AB7EAF82087F7D10087B7DB /* PORImageCarouselView.m */,
				5AB7EAFA2087F82C0087B7DB /* PORImageCarouselView.xib */,
			);
			path = ImageCarouselView;
			sourceTree = "<group>";
		};
		5AC2A8F8207BEB2C003B2AD5 /* ActionButton */ = {
			isa = PBXGroup;
			children = (
				5AF738DD20740F0B00B8E75C /* PORActionButtonDemoViewController.h */,
				5AF738DE20740F0B00B8E75C /* PORActionButtonDemoViewController.m */,
			);
			path = ActionButton;
			sourceTree = "<group>";
		};
		5AC2A8F9207BEB36003B2AD5 /* ImageCarousel */ = {
			isa = PBXGroup;
			children = (
				5AC2A8FA207BEB65003B2AD5 /* PORImageCarouselDemoViewController.h */,
				5AC2A8FB207BEB65003B2AD5 /* PORImageCarouselDemoViewController.m */,
			);
			path = ImageCarousel;
			sourceTree = "<group>";
		};
		5AD02B08207D3FB800E48C9B /* FloatingActionButtonView */ = {
			isa = PBXGroup;
			children = (
				5AD02B0B207D3FB800E48C9B /* PORFloatingActionButtonView.h */,
				5AD02B09207D3FB800E48C9B /* PORFloatingActionButtonView.m */,
			);
			path = FloatingActionButtonView;
			sourceTree = "<group>";
		};
		5AF738C52073D3E400B8E75C /* Helpers */ = {
			isa = PBXGroup;
			children = (
				5AF738C62073D41B00B8E75C /* UIColor+Hex.h */,
				5AF738C72073D41B00B8E75C /* UIColor+Hex.m */,
				5AF738CC2073D8E100B8E75C /* PORPalette.h */,
				5AF738CD2073D8E100B8E75C /* PORPalette.m */,
				5AF738CF2073FB1100B8E75C /* PORTypeLibrary.h */,
				5AF738D02073FB1100B8E75C /* PORTypeLibrary.m */,
			);
			name = Helpers;
			path = "New Group";
			sourceTree = "<group>";
		};
		5AF738E020740F2100B8E75C /* Views */ = {
			isa = PBXGroup;
			children = (
				5AC2A8F8207BEB2C003B2AD5 /* ActionButton */,
				5A0DCCCB208038D0000FCAAC /* ActivityCell */,
				5AC2A8F9207BEB36003B2AD5 /* ImageCarousel */,
				5A5933032087D14D003A1751 /* ItineraryHeaderCell */,
				5A7B6B83207FB1B600C99AA0 /* ItinerarySummary */,
			);
			path = Views;
			sourceTree = "<group>";
		};
		5AF738E120740F3000B8E75C /* Models */ = {
			isa = PBXGroup;
			children = (
				5AF738C92073D7CB00B8E75C /* PORPaletteDemoViewController.h */,
				5AF738CA2073D7CB00B8E75C /* PORPaletteDemoViewController.m */,
				5AF738D42073FD6E00B8E75C /* PORTypeLibraryDemoViewController.h */,
				5AF738D22073FD6700B8E75C /* PORTypeLibraryDemoViewController.m */,
			);
			path = Models;
			sourceTree = "<group>";
		};
		5AFD5CA420890C31009D2908 /* TabBarController */ = {
			isa = PBXGroup;
			children = (
				5AA949172075589B00060FE8 /* PORTabBarController.h */,
				5AA949182075589B00060FE8 /* PORTabBarController.m */,
			);
			path = TabBarController;
			sourceTree = "<group>";
		};
		5AFD5CA520890C4F009D2908 /* NavigationController */ = {
			isa = PBXGroup;
			children = (
				5AFD5CA620890C6C009D2908 /* PORNavigationController.h */,
				5AFD5CA720890C6C009D2908 /* PORNavigationController.m */,
			);
			path = NavigationController;
			sourceTree = "<group>";
		};
/* End PBXGroup section */

/* Begin PBXNativeTarget section */
		5A445F0820729AAE009497B0 /* Portland Rose */ = {
			isa = PBXNativeTarget;
			buildConfigurationList = 5A445F1F20729AAF009497B0 /* Build configuration list for PBXNativeTarget "Portland Rose" */;
			buildPhases = (
				5A445F0520729AAE009497B0 /* Sources */,
				5A445F0620729AAE009497B0 /* Frameworks */,
				5A445F0720729AAE009497B0 /* Resources */,
			);
			buildRules = (
			);
			dependencies = (
			);
			name = "Portland Rose";
			productName = "Portland Rose";
			productReference = 5A445F0920729AAE009497B0 /* Portland Rose.app */;
			productType = "com.apple.product-type.application";
		};
/* End PBXNativeTarget section */

/* Begin PBXProject section */
		5A445F0120729AAD009497B0 /* Project object */ = {
			isa = PBXProject;
			attributes = {
				LastUpgradeCheck = 0930;
				ORGANIZATIONNAME = "Useless Corporation";
				TargetAttributes = {
					5A445F0820729AAE009497B0 = {
						CreatedOnToolsVersion = 9.3;
					};
				};
			};
			buildConfigurationList = 5A445F0420729AAD009497B0 /* Build configuration list for PBXProject "Portland Rose" */;
			compatibilityVersion = "Xcode 9.3";
			developmentRegion = en;
			hasScannedForEncodings = 0;
			knownRegions = (
				en,
				Base,
			);
			mainGroup = 5A445F0020729AAD009497B0;
			productRefGroup = 5A445F0A20729AAE009497B0 /* Products */;
			projectDirPath = "";
			projectRoot = "";
			targets = (
				5A445F0820729AAE009497B0 /* Portland Rose */,
			);
		};
/* End PBXProject section */

/* Begin PBXResourcesBuildPhase section */
		5A445F0720729AAE009497B0 /* Resources */ = {
			isa = PBXResourcesBuildPhase;
			buildActionMask = 2147483647;
			files = (
				5AA9492020755A6D00060FE8 /* PORTabBarView.xib in Resources */,
				5A5676F3207E87B8002656F8 /* PORItinerarySummaryView.xib in Resources */,
				5A445F1920729AAF009497B0 /* LaunchScreen.storyboard in Resources */,
				5AF738D9207408EC00B8E75C /* PORActionButtonView.xib in Resources */,
				5AB7EAFB2087F82C0087B7DB /* PORImageCarouselView.xib in Resources */,
				5A445F1620729AAF009497B0 /* Assets.xcassets in Resources */,
				5A445F1420729AAE009497B0 /* Main.storyboard in Resources */,
				5A445F292072B790009497B0 /* Demo.storyboard in Resources */,
				5A0DCCD420803BC1000FCAAC /* PORActivityCellView.xib in Resources */,
				5A0DCCDA208048B8000FCAAC /* PORLabeledIconView.xib in Resources */,
				5A7D9A342077FFE300EF6D73 /* PORImageCardView.xib in Resources */,
				5A7D9A312077FCA300EF6D73 /* DemoAssets.xcassets in Resources */,
				5A5933022087D106003A1751 /* PORItineraryHeaderCellView.xib in Resources */,
			);
			runOnlyForDeploymentPostprocessing = 0;
		};
/* End PBXResourcesBuildPhase section */

/* Begin PBXSourcesBuildPhase section */
		5A445F0520729AAE009497B0 /* Sources */ = {
			isa = PBXSourcesBuildPhase;
			buildActionMask = 2147483647;
			files = (
				5AFD5CA820890C6C009D2908 /* PORNavigationController.m in Sources */,
				5A7B6B9F207FF6E700C99AA0 /* NSString+Random.m in Sources */,
				5A445F1120729AAE009497B0 /* ViewController.m in Sources */,
				5AB7EAF92087F7D10087B7DB /* PORImageCarouselView.m in Sources */,
				5A7B6B82207FB1A600C99AA0 /* PORItinerarySummaryDemoViewController.m in Sources */,
				5AF738C82073D41B00B8E75C /* UIColor+Hex.m in Sources */,
				5A7B6B96207FEF6A00C99AA0 /* PORItinerary+Mocks.m in Sources */,
				5A7D9A372077FFF800EF6D73 /* PORImageCardView.m in Sources */,
				5AD02B0C207D3FB800E48C9B /* PORFloatingActionButtonView.m in Sources */,
				5AF738DF20740F0B00B8E75C /* PORActionButtonDemoViewController.m in Sources */,
				5A54E723208139EE00C32356 /* PORActivity+Mocks.m in Sources */,
				5AF738D32073FD6700B8E75C /* PORTypeLibraryDemoViewController.m in Sources */,
				5A7B6B89207FD77200C99AA0 /* PORItinerary.m in Sources */,
				5A445F1C20729AAF009497B0 /* main.m in Sources */,
				5A5933062087D17F003A1751 /* PORItineraryHeaderCellDemoViewController.m in Sources */,
				5A0DCCD8208048A9000FCAAC /* PORLabeledIconView.m in Sources */,
				5A0DCCD220803AFF000FCAAC /* PORActivityCellView.m in Sources */,
				5AA9491A2075589B00060FE8 /* PORTabBarController.m in Sources */,
				5A445F0E20729AAE009497B0 /* AppDelegate.m in Sources */,
				5A4ABF372072C36400349DBB /* PORDemosViewController.m in Sources */,
				5A5676EB207E8710002656F8 /* PORItinerarySummaryView.m in Sources */,
				5A9333BF207D690B003F7217 /* PORActivity.m in Sources */,
				5A7B6B9C207FF67E00C99AA0 /* PORBadge+Mocks.m in Sources */,
				5AA9491E20755A6000060FE8 /* PORTabBarView.m in Sources */,
				5A5933012087D106003A1751 /* PORItineraryHeaderCellView.m in Sources */,
				5A7B6B8C207FD88E00C99AA0 /* PORBadge.m in Sources */,
				5AC2A8FC207BEB65003B2AD5 /* PORImageCarouselDemoViewController.m in Sources */,
				5AF738CE2073D8E100B8E75C /* PORPalette.m in Sources */,
				5AF738CB2073D7CB00B8E75C /* PORPaletteDemoViewController.m in Sources */,
				5A567700207EB46E002656F8 /* PORItinerarySummaryCellView.m in Sources */,
				5A7B6BA3207FF9C100C99AA0 /* NSNumber+Random.m in Sources */,
				5A0DCCCE208038F6000FCAAC /* PORActivityCellDemoViewController.m in Sources */,
				5AF738DC207408F600B8E75C /* PORActionButtonView.m in Sources */,
				5A7B6B86207FD67700C99AA0 /* PORLocation.m in Sources */,
				5AF738D12073FB1100B8E75C /* PORTypeLibrary.m in Sources */,
			);
			runOnlyForDeploymentPostprocessing = 0;
		};
/* End PBXSourcesBuildPhase section */

/* Begin PBXVariantGroup section */
		5A445F1220729AAE009497B0 /* Main.storyboard */ = {
			isa = PBXVariantGroup;
			children = (
				5A445F1320729AAE009497B0 /* Base */,
			);
			name = Main.storyboard;
			sourceTree = "<group>";
		};
		5A445F1720729AAF009497B0 /* LaunchScreen.storyboard */ = {
			isa = PBXVariantGroup;
			children = (
				5A445F1820729AAF009497B0 /* Base */,
			);
			name = LaunchScreen.storyboard;
			sourceTree = "<group>";
		};
		5A445F272072B790009497B0 /* Demo.storyboard */ = {
			isa = PBXVariantGroup;
			children = (
				5A445F282072B790009497B0 /* Base */,
			);
			name = Demo.storyboard;
			sourceTree = "<group>";
		};
/* End PBXVariantGroup section */

/* Begin XCBuildConfiguration section */
		5A445F1D20729AAF009497B0 /* Debug */ = {
			isa = XCBuildConfiguration;
			buildSettings = {
				ALWAYS_SEARCH_USER_PATHS = NO;
				CLANG_ANALYZER_NONNULL = YES;
				CLANG_ANALYZER_NUMBER_OBJECT_CONVERSION = YES_AGGRESSIVE;
				CLANG_CXX_LANGUAGE_STANDARD = "gnu++14";
				CLANG_CXX_LIBRARY = "libc++";
				CLANG_ENABLE_MODULES = YES;
				CLANG_ENABLE_OBJC_ARC = YES;
				CLANG_ENABLE_OBJC_WEAK = YES;
				CLANG_WARN_BLOCK_CAPTURE_AUTORELEASING = YES;
				CLANG_WARN_BOOL_CONVERSION = YES;
				CLANG_WARN_COMMA = YES;
				CLANG_WARN_CONSTANT_CONVERSION = YES;
				CLANG_WARN_DEPRECATED_OBJC_IMPLEMENTATIONS = YES;
				CLANG_WARN_DIRECT_OBJC_ISA_USAGE = YES_ERROR;
				CLANG_WARN_DOCUMENTATION_COMMENTS = YES;
				CLANG_WARN_EMPTY_BODY = YES;
				CLANG_WARN_ENUM_CONVERSION = YES;
				CLANG_WARN_INFINITE_RECURSION = YES;
				CLANG_WARN_INT_CONVERSION = YES;
				CLANG_WARN_NON_LITERAL_NULL_CONVERSION = YES;
				CLANG_WARN_OBJC_IMPLICIT_RETAIN_SELF = YES;
				CLANG_WARN_OBJC_LITERAL_CONVERSION = YES;
				CLANG_WARN_OBJC_ROOT_CLASS = YES_ERROR;
				CLANG_WARN_RANGE_LOOP_ANALYSIS = YES;
				CLANG_WARN_STRICT_PROTOTYPES = YES;
				CLANG_WARN_SUSPICIOUS_MOVE = YES;
				CLANG_WARN_UNGUARDED_AVAILABILITY = YES_AGGRESSIVE;
				CLANG_WARN_UNREACHABLE_CODE = YES;
				CLANG_WARN__DUPLICATE_METHOD_MATCH = YES;
				CODE_SIGN_IDENTITY = "iPhone Developer";
				COPY_PHASE_STRIP = NO;
				DEBUG_INFORMATION_FORMAT = dwarf;
				ENABLE_STRICT_OBJC_MSGSEND = YES;
				ENABLE_TESTABILITY = YES;
				GCC_C_LANGUAGE_STANDARD = gnu11;
				GCC_DYNAMIC_NO_PIC = NO;
				GCC_NO_COMMON_BLOCKS = YES;
				GCC_OPTIMIZATION_LEVEL = 0;
				GCC_PREPROCESSOR_DEFINITIONS = (
					"DEBUG=1",
					"$(inherited)",
				);
				GCC_WARN_64_TO_32_BIT_CONVERSION = YES;
				GCC_WARN_ABOUT_RETURN_TYPE = YES_ERROR;
				GCC_WARN_UNDECLARED_SELECTOR = YES;
				GCC_WARN_UNINITIALIZED_AUTOS = YES_AGGRESSIVE;
				GCC_WARN_UNUSED_FUNCTION = YES;
				GCC_WARN_UNUSED_VARIABLE = YES;
				IPHONEOS_DEPLOYMENT_TARGET = 11.3;
				MTL_ENABLE_DEBUG_INFO = YES;
				ONLY_ACTIVE_ARCH = YES;
				SDKROOT = iphoneos;
			};
			name = Debug;
		};
		5A445F1E20729AAF009497B0 /* Release */ = {
			isa = XCBuildConfiguration;
			buildSettings = {
				ALWAYS_SEARCH_USER_PATHS = NO;
				CLANG_ANALYZER_NONNULL = YES;
				CLANG_ANALYZER_NUMBER_OBJECT_CONVERSION = YES_AGGRESSIVE;
				CLANG_CXX_LANGUAGE_STANDARD = "gnu++14";
				CLANG_CXX_LIBRARY = "libc++";
				CLANG_ENABLE_MODULES = YES;
				CLANG_ENABLE_OBJC_ARC = YES;
				CLANG_ENABLE_OBJC_WEAK = YES;
				CLANG_WARN_BLOCK_CAPTURE_AUTORELEASING = YES;
				CLANG_WARN_BOOL_CONVERSION = YES;
				CLANG_WARN_COMMA = YES;
				CLANG_WARN_CONSTANT_CONVERSION = YES;
				CLANG_WARN_DEPRECATED_OBJC_IMPLEMENTATIONS = YES;
				CLANG_WARN_DIRECT_OBJC_ISA_USAGE = YES_ERROR;
				CLANG_WARN_DOCUMENTATION_COMMENTS = YES;
				CLANG_WARN_EMPTY_BODY = YES;
				CLANG_WARN_ENUM_CONVERSION = YES;
				CLANG_WARN_INFINITE_RECURSION = YES;
				CLANG_WARN_INT_CONVERSION = YES;
				CLANG_WARN_NON_LITERAL_NULL_CONVERSION = YES;
				CLANG_WARN_OBJC_IMPLICIT_RETAIN_SELF = YES;
				CLANG_WARN_OBJC_LITERAL_CONVERSION = YES;
				CLANG_WARN_OBJC_ROOT_CLASS = YES_ERROR;
				CLANG_WARN_RANGE_LOOP_ANALYSIS = YES;
				CLANG_WARN_STRICT_PROTOTYPES = YES;
				CLANG_WARN_SUSPICIOUS_MOVE = YES;
				CLANG_WARN_UNGUARDED_AVAILABILITY = YES_AGGRESSIVE;
				CLANG_WARN_UNREACHABLE_CODE = YES;
				CLANG_WARN__DUPLICATE_METHOD_MATCH = YES;
				CODE_SIGN_IDENTITY = "iPhone Developer";
				COPY_PHASE_STRIP = NO;
				DEBUG_INFORMATION_FORMAT = "dwarf-with-dsym";
				ENABLE_NS_ASSERTIONS = NO;
				ENABLE_STRICT_OBJC_MSGSEND = YES;
				GCC_C_LANGUAGE_STANDARD = gnu11;
				GCC_NO_COMMON_BLOCKS = YES;
				GCC_WARN_64_TO_32_BIT_CONVERSION = YES;
				GCC_WARN_ABOUT_RETURN_TYPE = YES_ERROR;
				GCC_WARN_UNDECLARED_SELECTOR = YES;
				GCC_WARN_UNINITIALIZED_AUTOS = YES_AGGRESSIVE;
				GCC_WARN_UNUSED_FUNCTION = YES;
				GCC_WARN_UNUSED_VARIABLE = YES;
				IPHONEOS_DEPLOYMENT_TARGET = 11.3;
				MTL_ENABLE_DEBUG_INFO = NO;
				SDKROOT = iphoneos;
				VALIDATE_PRODUCT = YES;
			};
			name = Release;
		};
		5A445F2020729AAF009497B0 /* Debug */ = {
			isa = XCBuildConfiguration;
			buildSettings = {
				ASSETCATALOG_COMPILER_APPICON_NAME = AppIcon;
				CODE_SIGN_STYLE = Automatic;
				INFOPLIST_FILE = "Portland Rose/Config/Info.plist";
				IPHONEOS_DEPLOYMENT_TARGET = 11;
				LD_RUNPATH_SEARCH_PATHS = (
					"$(inherited)",
					"@executable_path/Frameworks",
				);
				PRODUCT_BUNDLE_IDENTIFIER = "com.uselesscorporation.Portland-Rose";
				PRODUCT_NAME = "$(TARGET_NAME)";
				TARGETED_DEVICE_FAMILY = 1;
			};
			name = Debug;
		};
		5A445F2120729AAF009497B0 /* Release */ = {
			isa = XCBuildConfiguration;
			buildSettings = {
				ASSETCATALOG_COMPILER_APPICON_NAME = AppIcon;
				CODE_SIGN_STYLE = Automatic;
				INFOPLIST_FILE = "Portland Rose/Config/Info.plist";
				IPHONEOS_DEPLOYMENT_TARGET = 11;
				LD_RUNPATH_SEARCH_PATHS = (
					"$(inherited)",
					"@executable_path/Frameworks",
				);
				PRODUCT_BUNDLE_IDENTIFIER = "com.uselesscorporation.Portland-Rose";
				PRODUCT_NAME = "$(TARGET_NAME)";
				TARGETED_DEVICE_FAMILY = 1;
			};
			name = Release;
		};
/* End XCBuildConfiguration section */

/* Begin XCConfigurationList section */
		5A445F0420729AAD009497B0 /* Build configuration list for PBXProject "Portland Rose" */ = {
			isa = XCConfigurationList;
			buildConfigurations = (
				5A445F1D20729AAF009497B0 /* Debug */,
				5A445F1E20729AAF009497B0 /* Release */,
			);
			defaultConfigurationIsVisible = 0;
			defaultConfigurationName = Release;
		};
		5A445F1F20729AAF009497B0 /* Build configuration list for PBXNativeTarget "Portland Rose" */ = {
			isa = XCConfigurationList;
			buildConfigurations = (
				5A445F2020729AAF009497B0 /* Debug */,
				5A445F2120729AAF009497B0 /* Release */,
			);
			defaultConfigurationIsVisible = 0;
			defaultConfigurationName = Release;
		};
/* End XCConfigurationList section */
	};
	rootObject = 5A445F0120729AAD009497B0 /* Project object */;
}
